// !$*UTF8*$!
{
	archiveVersion = 1;
	classes = {
	};
	objectVersion = 46;
	objects = {

/* Begin PBXBuildFile section */
		043FE1541A369C2A005F3EBA /* main.m in Sources */ = {isa = PBXBuildFile; fileRef = 043FE1521A369C11005F3EBA /* main.m */; };
		043FE1561A369C52005F3EBA /* Info.plist in Resources */ = {isa = PBXBuildFile; fileRef = 043FE1551A369C52005F3EBA /* Info.plist */; };
		043FE1571A369C63005F3EBA /* Info.plist in Sources */ = {isa = PBXBuildFile; fileRef = 04ACB61B1A2D50DD00A9FAA6 /* Info.plist */; };
		044030E71B08B6C500788DE7 /* bounce_sammy@2x.gif in Resources */ = {isa = PBXBuildFile; fileRef = 04402F4E1B08B6C300788DE7 /* bounce_sammy@2x.gif */; };
		044030E81B08B6C500788DE7 /* farmtruck@2x.gif in Resources */ = {isa = PBXBuildFile; fileRef = 04402F4F1B08B6C300788DE7 /* farmtruck@2x.gif */; };
		044030E91B08B6C500788DE7 /* fruit_animation@2x.gif in Resources */ = {isa = PBXBuildFile; fileRef = 04402F501B08B6C300788DE7 /* fruit_animation@2x.gif */; };
		044030EA1B08B6C500788DE7 /* inbox@2x.gif in Resources */ = {isa = PBXBuildFile; fileRef = 04402F511B08B6C300788DE7 /* inbox@2x.gif */; };
		044030EB1B08B6C500788DE7 /* nevertoolate@2x.gif in Resources */ = {isa = PBXBuildFile; fileRef = 04402F521B08B6C300788DE7 /* nevertoolate@2x.gif */; };
		044030EC1B08B6C500788DE7 /* slackLoader@2x.gif in Resources */ = {isa = PBXBuildFile; fileRef = 04402F531B08B6C300788DE7 /* slackLoader@2x.gif */; };
		044FA33F1A3FD10B0069A867 /* SystemConfiguration.framework in Frameworks */ = {isa = PBXBuildFile; fileRef = 044FA33E1A3FD10B0069A867 /* SystemConfiguration.framework */; };
		04ACB6231A2D50DD00A9FAA6 /* ComicReader.xcdatamodeld in Sources */ = {isa = PBXBuildFile; fileRef = 04ACB6211A2D50DD00A9FAA6 /* ComicReader.xcdatamodeld */; };
		04ACB6291A2D50DD00A9FAA6 /* Main.storyboard in Resources */ = {isa = PBXBuildFile; fileRef = 04ACB6271A2D50DD00A9FAA6 /* Main.storyboard */; };
		04ACB62E1A2D50DD00A9FAA6 /* LaunchScreen.xib in Resources */ = {isa = PBXBuildFile; fileRef = 04ACB62C1A2D50DD00A9FAA6 /* LaunchScreen.xib */; };
		04ACB63A1A2D50DD00A9FAA6 /* ComicReaderTests.m in Sources */ = {isa = PBXBuildFile; fileRef = 04ACB6391A2D50DD00A9FAA6 /* ComicReaderTests.m */; };
		04ACB6461A2D586200A9FAA6 /* Images.xcassets in Resources */ = {isa = PBXBuildFile; fileRef = 04ACB6451A2D586200A9FAA6 /* Images.xcassets */; };
		5324FFEE49339D650C371827 /* libPods-ComicReaderTests.a in Frameworks */ = {isa = PBXBuildFile; fileRef = CF2BB18C2E9AE20C1D635C4B /* libPods-ComicReaderTests.a */; };
		B21C7F3F1D79A07B008A7089 /* GoogleService-Info.plist in Resources */ = {isa = PBXBuildFile; fileRef = B21C7F3E1D79A07B008A7089 /* GoogleService-Info.plist */; };
		B21C80001D79A3F3008A7089 /* AppDelegate.m in Sources */ = {isa = PBXBuildFile; fileRef = B21C7F431D79A3F3008A7089 /* AppDelegate.m */; };
		B21C80011D79A3F3008A7089 /* NavigationStyle.m in Sources */ = {isa = PBXBuildFile; fileRef = B21C7F471D79A3F3008A7089 /* NavigationStyle.m */; };
		B21C80021D79A3F3008A7089 /* NSMutableAttributedString+TitleTreatment.m in Sources */ = {isa = PBXBuildFile; fileRef = B21C7F4A1D79A3F3008A7089 /* NSMutableAttributedString+TitleTreatment.m */; };
		B21C80031D79A3F3008A7089 /* NSObject+KVCKeyword.m in Sources */ = {isa = PBXBuildFile; fileRef = B21C7F4C1D79A3F3008A7089 /* NSObject+KVCKeyword.m */; };
		B21C80041D79A3F3008A7089 /* UIImage+CutIntoPieces.m in Sources */ = {isa = PBXBuildFile; fileRef = B21C7F4E1D79A3F3008A7089 /* UIImage+CutIntoPieces.m */; };
		B21C80051D79A3F3008A7089 /* UIView+Genie.m in Sources */ = {isa = PBXBuildFile; fileRef = B21C7F501D79A3F3008A7089 /* UIView+Genie.m */; };
		B21C80061D79A3F3008A7089 /* loading_content1.gif in Resources */ = {isa = PBXBuildFile; fileRef = B21C7F521D79A3F3008A7089 /* loading_content1.gif */; };
		B21C80071D79A3F3008A7089 /* TWSpringyFlowLayout.m in Sources */ = {isa = PBXBuildFile; fileRef = B21C7F551D79A3F3008A7089 /* TWSpringyFlowLayout.m */; };
		B21C80081D79A3F3008A7089 /* ComicBookInfoContextModel.m in Sources */ = {isa = PBXBuildFile; fileRef = B21C7F581D79A3F3008A7089 /* ComicBookInfoContextModel.m */; };
		B21C80091D79A3F3008A7089 /* DocumentTool.m in Sources */ = {isa = PBXBuildFile; fileRef = B21C7F5B1D79A3F3008A7089 /* DocumentTool.m */; };
		B21C800A1D79A3F3008A7089 /* GetRequestUrlTool.m in Sources */ = {isa = PBXBuildFile; fileRef = B21C7F5D1D79A3F3008A7089 /* GetRequestUrlTool.m */; };
		B21C800B1D79A3F3008A7089 /* JFJumpToControllerManager.m in Sources */ = {isa = PBXBuildFile; fileRef = B21C7F5F1D79A3F3008A7089 /* JFJumpToControllerManager.m */; };
		B21C800C1D79A3F3008A7089 /* NewRequestTool.m in Sources */ = {isa = PBXBuildFile; fileRef = B21C7F611D79A3F3008A7089 /* NewRequestTool.m */; };
		B21C800D1D79A3F3008A7089 /* Reachability.m in Sources */ = {isa = PBXBuildFile; fileRef = B21C7F631D79A3F3008A7089 /* Reachability.m */; };
		B21C800E1D79A3F3008A7089 /* RequestTool.m in Sources */ = {isa = PBXBuildFile; fileRef = B21C7F651D79A3F3008A7089 /* RequestTool.m */; };
		B21C800F1D79A3F3008A7089 /* ShowWaitView.m in Sources */ = {isa = PBXBuildFile; fileRef = B21C7F681D79A3F3008A7089 /* ShowWaitView.m */; };
		B21C80101D79A3F3008A7089 /* MyComicController.m in Sources */ = {isa = PBXBuildFile; fileRef = B21C7F6D1D79A3F3008A7089 /* MyComicController.m */; };
		B21C80111D79A3F3008A7089 /* MyComicContentModel.m in Sources */ = {isa = PBXBuildFile; fileRef = B21C7F701D79A3F3008A7089 /* MyComicContentModel.m */; };
		B21C80121D79A3F3008A7089 /* MyComicModel.m in Sources */ = {isa = PBXBuildFile; fileRef = B21C7F721D79A3F3008A7089 /* MyComicModel.m */; };
		B21C80131D79A3F3008A7089 /* MyComicTool.m in Sources */ = {isa = PBXBuildFile; fileRef = B21C7F741D79A3F3008A7089 /* MyComicTool.m */; };
		B21C80141D79A3F3008A7089 /* ContentImageView.m in Sources */ = {isa = PBXBuildFile; fileRef = B21C7F771D79A3F3008A7089 /* ContentImageView.m */; };
		B21C80151D79A3F3008A7089 /* ContentImageView.xib in Resources */ = {isa = PBXBuildFile; fileRef = B21C7F781D79A3F3008A7089 /* ContentImageView.xib */; };
		B21C80161D79A3F3008A7089 /* MyComicTableViewCell.m in Sources */ = {isa = PBXBuildFile; fileRef = B21C7F7A1D79A3F3008A7089 /* MyComicTableViewCell.m */; };
		B21C80171D79A3F3008A7089 /* MyComicTableViewCell.xib in Resources */ = {isa = PBXBuildFile; fileRef = B21C7F7B1D79A3F3008A7089 /* MyComicTableViewCell.xib */; };
		B21C80181D79A3F3008A7089 /* ComicBookListCollectionViewCell.m in Sources */ = {isa = PBXBuildFile; fileRef = B21C7F801D79A3F3008A7089 /* ComicBookListCollectionViewCell.m */; };
		B21C80191D79A3F3008A7089 /* ComicBookListCollectionViewCell.xib in Resources */ = {isa = PBXBuildFile; fileRef = B21C7F811D79A3F3008A7089 /* ComicBookListCollectionViewCell.xib */; };
		B21C801A1D79A3F3008A7089 /* JFComicBookReaderController.m in Sources */ = {isa = PBXBuildFile; fileRef = B21C7F841D79A3F3008A7089 /* JFComicBookReaderController.m */; };
		B21C801B1D79A3F3008A7089 /* JFComicBookReaderController.xib in Resources */ = {isa = PBXBuildFile; fileRef = B21C7F851D79A3F3008A7089 /* JFComicBookReaderController.xib */; };
		B21C801C1D79A3F3008A7089 /* JFComicSectionsListViewController.m in Sources */ = {isa = PBXBuildFile; fileRef = B21C7F881D79A3F3008A7089 /* JFComicSectionsListViewController.m */; };
		B21C801D1D79A3F3008A7089 /* JFComicSectionsListViewController.xib in Resources */ = {isa = PBXBuildFile; fileRef = B21C7F891D79A3F3008A7089 /* JFComicSectionsListViewController.xib */; };
		B21C801E1D79A3F3008A7089 /* ComicStoreViewController.m in Sources */ = {isa = PBXBuildFile; fileRef = B21C7F8C1D79A3F3008A7089 /* ComicStoreViewController.m */; };
		B21C801F1D79A3F3008A7089 /* JFComicMoreViewController.m in Sources */ = {isa = PBXBuildFile; fileRef = B21C7F8E1D79A3F3008A7089 /* JFComicMoreViewController.m */; };
		B21C80201D79A3F3008A7089 /* JFComicMoreViewController.xib in Resources */ = {isa = PBXBuildFile; fileRef = B21C7F8F1D79A3F3008A7089 /* JFComicMoreViewController.xib */; };
		B21C80211D79A3F3008A7089 /* ComicShowBookModel.m in Sources */ = {isa = PBXBuildFile; fileRef = B21C7F921D79A3F3008A7089 /* ComicShowBookModel.m */; };
		B21C80221D79A3F3008A7089 /* ComicStoreBookContentListModel.m in Sources */ = {isa = PBXBuildFile; fileRef = B21C7F941D79A3F3008A7089 /* ComicStoreBookContentListModel.m */; };
		B21C80231D79A3F3008A7089 /* HeaderModel.m in Sources */ = {isa = PBXBuildFile; fileRef = B21C7F971D79A3F3008A7089 /* HeaderModel.m */; };
		B21C80241D79A3F3008A7089 /* ListContentModel.m in Sources */ = {isa = PBXBuildFile; fileRef = B21C7F9A1D79A3F3008A7089 /* ListContentModel.m */; };
		B21C80251D79A3F3008A7089 /* NewStoreTitleModel.m in Sources */ = {isa = PBXBuildFile; fileRef = B21C7F9D1D79A3F3008A7089 /* NewStoreTitleModel.m */; };
		B21C80261D79A3F3008A7089 /* JFComicReaderBookContentModel.m in Sources */ = {isa = PBXBuildFile; fileRef = B21C7FA01D79A3F3008A7089 /* JFComicReaderBookContentModel.m */; };
		B21C80271D79A3F3008A7089 /* JFComicReaderBookModel.m in Sources */ = {isa = PBXBuildFile; fileRef = B21C7FA21D79A3F3008A7089 /* JFComicReaderBookModel.m */; };
		B21C80281D79A3F3008A7089 /* ComicStoreContentListCollectionView.m in Sources */ = {isa = PBXBuildFile; fileRef = B21C7FA51D79A3F3008A7089 /* ComicStoreContentListCollectionView.m */; };
		B21C80291D79A3F3008A7089 /* ComicStoreHeaderView.m in Sources */ = {isa = PBXBuildFile; fileRef = B21C7FA71D79A3F3008A7089 /* ComicStoreHeaderView.m */; };
		B21C802A1D79A3F3008A7089 /* ContentListView.m in Sources */ = {isa = PBXBuildFile; fileRef = B21C7FA91D79A3F3008A7089 /* ContentListView.m */; };
		B21C802B1D79A3F3008A7089 /* ResizeLabel.m in Sources */ = {isa = PBXBuildFile; fileRef = B21C7FAC1D79A3F3008A7089 /* ResizeLabel.m */; };
		B21C802C1D79A3F3008A7089 /* JFComicListTitleView.m in Sources */ = {isa = PBXBuildFile; fileRef = B21C7FAE1D79A3F3008A7089 /* JFComicListTitleView.m */; };
		B21C802D1D79A3F3008A7089 /* JFComicBackButton.m in Sources */ = {isa = PBXBuildFile; fileRef = B21C7FB31D79A3F3008A7089 /* JFComicBackButton.m */; };
		B21C802E1D79A3F3008A7089 /* JFComicHeaderReusableView.m in Sources */ = {isa = PBXBuildFile; fileRef = B21C7FB51D79A3F3008A7089 /* JFComicHeaderReusableView.m */; };
		B21C802F1D79A3F3008A7089 /* JFComicHeaderReusableView.xib in Resources */ = {isa = PBXBuildFile; fileRef = B21C7FB61D79A3F3008A7089 /* JFComicHeaderReusableView.xib */; };
		B21C80301D79A3F3008A7089 /* JFComicSelectedReusableView.m in Sources */ = {isa = PBXBuildFile; fileRef = B21C7FB81D79A3F3008A7089 /* JFComicSelectedReusableView.m */; };
		B21C80311D79A3F3008A7089 /* JFComicSelectedReusableView.xib in Resources */ = {isa = PBXBuildFile; fileRef = B21C7FB91D79A3F3008A7089 /* JFComicSelectedReusableView.xib */; };
		B21C80321D79A3F3008A7089 /* JFComicShowBookLayout.m in Sources */ = {isa = PBXBuildFile; fileRef = B21C7FBB1D79A3F3008A7089 /* JFComicShowBookLayout.m */; };
		B21C80331D79A3F3008A7089 /* JFShowContentCollectionViewCell.m in Sources */ = {isa = PBXBuildFile; fileRef = B21C7FBD1D79A3F3008A7089 /* JFShowContentCollectionViewCell.m */; };
		B21C80341D79A3F3008A7089 /* JFShowContentCollectionViewCell.xib in Resources */ = {isa = PBXBuildFile; fileRef = B21C7FBE1D79A3F3008A7089 /* JFShowContentCollectionViewCell.xib */; };
		B21C80351D79A3F3008A7089 /* SShowPageShapeView.m in Sources */ = {isa = PBXBuildFile; fileRef = B21C7FC01D79A3F3008A7089 /* SShowPageShapeView.m */; };
		B21C80361D79A3F3008A7089 /* JFComicBlockingContentCellCollectionViewCell.m in Sources */ = {isa = PBXBuildFile; fileRef = B21C7FC41D79A3F3008A7089 /* JFComicBlockingContentCellCollectionViewCell.m */; };
		B21C80371D79A3F3008A7089 /* JFComicBlockingContentCellCollectionViewCell.xib in Resources */ = {isa = PBXBuildFile; fileRef = B21C7FC51D79A3F3008A7089 /* JFComicBlockingContentCellCollectionViewCell.xib */; };
		B21C80381D79A3F3008A7089 /* JFComicShowContentContentCell.m in Sources */ = {isa = PBXBuildFile; fileRef = B21C7FC71D79A3F3008A7089 /* JFComicShowContentContentCell.m */; };
		B21C80391D79A3F3008A7089 /* JFComicShowContentContentCell.xib in Resources */ = {isa = PBXBuildFile; fileRef = B21C7FC81D79A3F3008A7089 /* JFComicShowContentContentCell.xib */; };
		B21C803A1D79A3F3008A7089 /* JFComicShowImageContentCell.m in Sources */ = {isa = PBXBuildFile; fileRef = B21C7FCA1D79A3F3008A7089 /* JFComicShowImageContentCell.m */; };
		B21C803B1D79A3F3008A7089 /* JFComicShowImageContentCell.xib in Resources */ = {isa = PBXBuildFile; fileRef = B21C7FCB1D79A3F3008A7089 /* JFComicShowImageContentCell.xib */; };
		B21C803C1D79A3F3008A7089 /* JFComicBlockingCollectionView.m in Sources */ = {isa = PBXBuildFile; fileRef = B21C7FCD1D79A3F3008A7089 /* JFComicBlockingCollectionView.m */; };
		B21C803D1D79A3F3008A7089 /* JFComicShowContentCollectionView.m in Sources */ = {isa = PBXBuildFile; fileRef = B21C7FCF1D79A3F3008A7089 /* JFComicShowContentCollectionView.m */; };
		B21C803E1D79A3F3008A7089 /* JFComicShowImageCollectionView.m in Sources */ = {isa = PBXBuildFile; fileRef = B21C7FD11D79A3F3008A7089 /* JFComicShowImageCollectionView.m */; };
		B21C803F1D79A3F3008A7089 /* JFComicStoreListBaseCell.m in Sources */ = {isa = PBXBuildFile; fileRef = B21C7FD31D79A3F3008A7089 /* JFComicStoreListBaseCell.m */; };
		B21C80401D79A3F3008A7089 /* ComicStoreTool.m in Sources */ = {isa = PBXBuildFile; fileRef = B21C7FD61D79A3F3008A7089 /* ComicStoreTool.m */; };
		B21C80411D79A3F3008A7089 /* JFComicStoreModelTool.m in Sources */ = {isa = PBXBuildFile; fileRef = B21C7FD81D79A3F3008A7089 /* JFComicStoreModelTool.m */; };
		B21C80421D79A3F3008A7089 /* ViewController.m in Sources */ = {isa = PBXBuildFile; fileRef = B21C7FDC1D79A3F3008A7089 /* ViewController.m */; };
		B21C80431D79A3F3008A7089 /* ComicSearchViewController.m in Sources */ = {isa = PBXBuildFile; fileRef = B21C7FE11D79A3F3008A7089 /* ComicSearchViewController.m */; };
		B21C80441D79A3F3008A7089 /* SearchNamePlist.plist in Resources */ = {isa = PBXBuildFile; fileRef = B21C7FE21D79A3F3008A7089 /* SearchNamePlist.plist */; };
		B21C80451D79A3F3008A7089 /* JFRefreshControl.m in Sources */ = {isa = PBXBuildFile; fileRef = B21C7FE61D79A3F3008A7089 /* JFRefreshControl.m */; };
		B21C80461D79A3F3008A7089 /* JFRefreshOpration.m in Sources */ = {isa = PBXBuildFile; fileRef = B21C7FE81D79A3F3008A7089 /* JFRefreshOpration.m */; };
		B21C80471D79A3F3008A7089 /* UIScrollView+JFRefresh.m in Sources */ = {isa = PBXBuildFile; fileRef = B21C7FEA1D79A3F3008A7089 /* UIScrollView+JFRefresh.m */; };
		B21C80481D79A3F3008A7089 /* UIView+JFFrame.m in Sources */ = {isa = PBXBuildFile; fileRef = B21C7FEC1D79A3F3008A7089 /* UIView+JFFrame.m */; };
		B21C80491D79A3F3008A7089 /* MONActivityIndicatorView.m in Sources */ = {isa = PBXBuildFile; fileRef = B21C7FEF1D79A3F3008A7089 /* MONActivityIndicatorView.m */; };
		B21C804A1D79A3F3008A7089 /* UIImage+KVNEmpty.m in Sources */ = {isa = PBXBuildFile; fileRef = B21C7FF31D79A3F3008A7089 /* UIImage+KVNEmpty.m */; };
		B21C804B1D79A3F3008A7089 /* UIImage+KVNImageEffects.m in Sources */ = {isa = PBXBuildFile; fileRef = B21C7FF51D79A3F3008A7089 /* UIImage+KVNImageEffects.m */; };
		B21C804C1D79A3F3008A7089 /* KVNProgress.m in Sources */ = {isa = PBXBuildFile; fileRef = B21C7FF81D79A3F3008A7089 /* KVNProgress.m */; };
		B21C804D1D79A3F3008A7089 /* KVNProgressView.xib in Resources */ = {isa = PBXBuildFile; fileRef = B21C7FF91D79A3F3008A7089 /* KVNProgressView.xib */; };
		B21C804E1D79A3F3008A7089 /* UIScrollView+UzysAnimatedGifLoadMore.m in Sources */ = {isa = PBXBuildFile; fileRef = B21C7FFC1D79A3F3008A7089 /* UIScrollView+UzysAnimatedGifLoadMore.m */; };
		B21C804F1D79A3F3008A7089 /* UzysAnimtedGifLoadMoreView.m in Sources */ = {isa = PBXBuildFile; fileRef = B21C7FFF1D79A3F3008A7089 /* UzysAnimtedGifLoadMoreView.m */; };
		B21C80531D79C5B0008A7089 /* libPods-ComicReader.a in Frameworks */ = {isa = PBXBuildFile; fileRef = B21C80521D79C5B0008A7089 /* libPods-ComicReader.a */; };
		B21C80551D79C5B7008A7089 /* libPods-ComicReaderTests.a in Frameworks */ = {isa = PBXBuildFile; fileRef = B21C80541D79C5B7008A7089 /* libPods-ComicReaderTests.a */; };
		EE5D953C1CD74A8C0045B1BB /* Accelerate.framework in Frameworks */ = {isa = PBXBuildFile; fileRef = EE5D953B1CD74A8C0045B1BB /* Accelerate.framework */; };
/* End PBXBuildFile section */

/* Begin PBXContainerItemProxy section */
		04ACB6341A2D50DD00A9FAA6 /* PBXContainerItemProxy */ = {
			isa = PBXContainerItemProxy;
			containerPortal = 04ACB60F1A2D50DD00A9FAA6 /* Project object */;
			proxyType = 1;
			remoteGlobalIDString = 04ACB6161A2D50DD00A9FAA6;
			remoteInfo = ComicReader;
		};
/* End PBXContainerItemProxy section */

/* Begin PBXFileReference section */
		043FE1521A369C11005F3EBA /* main.m */ = {isa = PBXFileReference; fileEncoding = 4; lastKnownFileType = sourcecode.c.objc; path = main.m; sourceTree = "<group>"; };
		043FE1551A369C52005F3EBA /* Info.plist */ = {isa = PBXFileReference; fileEncoding = 4; lastKnownFileType = text.plist.xml; path = Info.plist; sourceTree = "<group>"; };
		04402F4E1B08B6C300788DE7 /* bounce_sammy@2x.gif */ = {isa = PBXFileReference; lastKnownFileType = image.gif; path = "bounce_sammy@2x.gif"; sourceTree = "<group>"; };
		04402F4F1B08B6C300788DE7 /* farmtruck@2x.gif */ = {isa = PBXFileReference; lastKnownFileType = image.gif; path = "farmtruck@2x.gif"; sourceTree = "<group>"; };
		04402F501B08B6C300788DE7 /* fruit_animation@2x.gif */ = {isa = PBXFileReference; lastKnownFileType = image.gif; path = "fruit_animation@2x.gif"; sourceTree = "<group>"; };
		04402F511B08B6C300788DE7 /* inbox@2x.gif */ = {isa = PBXFileReference; lastKnownFileType = image.gif; path = "inbox@2x.gif"; sourceTree = "<group>"; };
		04402F521B08B6C300788DE7 /* nevertoolate@2x.gif */ = {isa = PBXFileReference; lastKnownFileType = image.gif; path = "nevertoolate@2x.gif"; sourceTree = "<group>"; };
		04402F531B08B6C300788DE7 /* slackLoader@2x.gif */ = {isa = PBXFileReference; lastKnownFileType = image.gif; path = "slackLoader@2x.gif"; sourceTree = "<group>"; };
		044FA33E1A3FD10B0069A867 /* SystemConfiguration.framework */ = {isa = PBXFileReference; lastKnownFileType = wrapper.framework; name = SystemConfiguration.framework; path = System/Library/Frameworks/SystemConfiguration.framework; sourceTree = SDKROOT; };
		04ACB6171A2D50DD00A9FAA6 /* ComicReader.app */ = {isa = PBXFileReference; explicitFileType = wrapper.application; includeInIndex = 0; path = ComicReader.app; sourceTree = BUILT_PRODUCTS_DIR; };
		04ACB61B1A2D50DD00A9FAA6 /* Info.plist */ = {isa = PBXFileReference; lastKnownFileType = text.plist.xml; path = Info.plist; sourceTree = "<group>"; };
		04ACB61C1A2D50DD00A9FAA6 /* main.m */ = {isa = PBXFileReference; lastKnownFileType = sourcecode.c.objc; path = main.m; sourceTree = "<group>"; };
		04ACB6221A2D50DD00A9FAA6 /* ComicReader.xcdatamodel */ = {isa = PBXFileReference; lastKnownFileType = wrapper.xcdatamodel; path = ComicReader.xcdatamodel; sourceTree = "<group>"; };
		04ACB6281A2D50DD00A9FAA6 /* Base */ = {isa = PBXFileReference; lastKnownFileType = file.storyboard; name = Base; path = Base.lproj/Main.storyboard; sourceTree = "<group>"; };
		04ACB62D1A2D50DD00A9FAA6 /* Base */ = {isa = PBXFileReference; lastKnownFileType = file.xib; name = Base; path = Base.lproj/LaunchScreen.xib; sourceTree = "<group>"; };
		04ACB6331A2D50DD00A9FAA6 /* ComicReaderTests.xctest */ = {isa = PBXFileReference; explicitFileType = wrapper.cfbundle; includeInIndex = 0; path = ComicReaderTests.xctest; sourceTree = BUILT_PRODUCTS_DIR; };
		04ACB6381A2D50DD00A9FAA6 /* Info.plist */ = {isa = PBXFileReference; lastKnownFileType = text.plist.xml; path = Info.plist; sourceTree = "<group>"; };
		04ACB6391A2D50DD00A9FAA6 /* ComicReaderTests.m */ = {isa = PBXFileReference; lastKnownFileType = sourcecode.c.objc; path = ComicReaderTests.m; sourceTree = "<group>"; };
		04ACB6451A2D586200A9FAA6 /* Images.xcassets */ = {isa = PBXFileReference; lastKnownFileType = folder.assetcatalog; path = Images.xcassets; sourceTree = "<group>"; };
		521533871A11B515AB29F8C4 /* libPods.a */ = {isa = PBXFileReference; explicitFileType = archive.ar; includeInIndex = 0; path = libPods.a; sourceTree = BUILT_PRODUCTS_DIR; };
		54B6C0A09A772A0137764819 /* Pods-ComicReader.release.xcconfig */ = {isa = PBXFileReference; includeInIndex = 1; lastKnownFileType = text.xcconfig; name = "Pods-ComicReader.release.xcconfig"; path = "Pods/Target Support Files/Pods-ComicReader/Pods-ComicReader.release.xcconfig"; sourceTree = "<group>"; };
		8E3EAE18DA993A976125B377 /* Pods-ComicReaderTests.debug.xcconfig */ = {isa = PBXFileReference; includeInIndex = 1; lastKnownFileType = text.xcconfig; name = "Pods-ComicReaderTests.debug.xcconfig"; path = "Pods/Target Support Files/Pods-ComicReaderTests/Pods-ComicReaderTests.debug.xcconfig"; sourceTree = "<group>"; };
		A6E5EE6F8801D00DE5242084 /* Pods.debug.xcconfig */ = {isa = PBXFileReference; includeInIndex = 1; lastKnownFileType = text.xcconfig; name = Pods.debug.xcconfig; path = "Pods/Target Support Files/Pods/Pods.debug.xcconfig"; sourceTree = "<group>"; };
		AE059A3FA974BEBD08D9AD25 /* Pods.release.xcconfig */ = {isa = PBXFileReference; includeInIndex = 1; lastKnownFileType = text.xcconfig; name = Pods.release.xcconfig; path = "Pods/Target Support Files/Pods/Pods.release.xcconfig"; sourceTree = "<group>"; };
		B21C7F3E1D79A07B008A7089 /* GoogleService-Info.plist */ = {isa = PBXFileReference; fileEncoding = 4; lastKnownFileType = text.plist.xml; path = "GoogleService-Info.plist"; sourceTree = "<group>"; };
		B21C7F421D79A3F3008A7089 /* AppDelegate.h */ = {isa = PBXFileReference; fileEncoding = 4; lastKnownFileType = sourcecode.c.h; path = AppDelegate.h; sourceTree = "<group>"; };
		B21C7F431D79A3F3008A7089 /* AppDelegate.m */ = {isa = PBXFileReference; fileEncoding = 4; lastKnownFileType = sourcecode.c.objc; path = AppDelegate.m; sourceTree = "<group>"; };
		B21C7F461D79A3F3008A7089 /* NavigationStyle.h */ = {isa = PBXFileReference; fileEncoding = 4; lastKnownFileType = sourcecode.c.h; path = NavigationStyle.h; sourceTree = "<group>"; };
		B21C7F471D79A3F3008A7089 /* NavigationStyle.m */ = {isa = PBXFileReference; fileEncoding = 4; lastKnownFileType = sourcecode.c.objc; path = NavigationStyle.m; sourceTree = "<group>"; };
		B21C7F491D79A3F3008A7089 /* NSMutableAttributedString+TitleTreatment.h */ = {isa = PBXFileReference; fileEncoding = 4; lastKnownFileType = sourcecode.c.h; path = "NSMutableAttributedString+TitleTreatment.h"; sourceTree = "<group>"; };
		B21C7F4A1D79A3F3008A7089 /* NSMutableAttributedString+TitleTreatment.m */ = {isa = PBXFileReference; fileEncoding = 4; lastKnownFileType = sourcecode.c.objc; path = "NSMutableAttributedString+TitleTreatment.m"; sourceTree = "<group>"; };
		B21C7F4B1D79A3F3008A7089 /* NSObject+KVCKeyword.h */ = {isa = PBXFileReference; fileEncoding = 4; lastKnownFileType = sourcecode.c.h; path = "NSObject+KVCKeyword.h"; sourceTree = "<group>"; };
		B21C7F4C1D79A3F3008A7089 /* NSObject+KVCKeyword.m */ = {isa = PBXFileReference; fileEncoding = 4; lastKnownFileType = sourcecode.c.objc; path = "NSObject+KVCKeyword.m"; sourceTree = "<group>"; };
		B21C7F4D1D79A3F3008A7089 /* UIImage+CutIntoPieces.h */ = {isa = PBXFileReference; fileEncoding = 4; lastKnownFileType = sourcecode.c.h; path = "UIImage+CutIntoPieces.h"; sourceTree = "<group>"; };
		B21C7F4E1D79A3F3008A7089 /* UIImage+CutIntoPieces.m */ = {isa = PBXFileReference; fileEncoding = 4; lastKnownFileType = sourcecode.c.objc; path = "UIImage+CutIntoPieces.m"; sourceTree = "<group>"; };
		B21C7F4F1D79A3F3008A7089 /* UIView+Genie.h */ = {isa = PBXFileReference; fileEncoding = 4; lastKnownFileType = sourcecode.c.h; path = "UIView+Genie.h"; sourceTree = "<group>"; };
		B21C7F501D79A3F3008A7089 /* UIView+Genie.m */ = {isa = PBXFileReference; fileEncoding = 4; lastKnownFileType = sourcecode.c.objc; path = "UIView+Genie.m"; sourceTree = "<group>"; };
		B21C7F521D79A3F3008A7089 /* loading_content1.gif */ = {isa = PBXFileReference; lastKnownFileType = image.gif; path = loading_content1.gif; sourceTree = "<group>"; };
		B21C7F541D79A3F3008A7089 /* TWSpringyFlowLayout.h */ = {isa = PBXFileReference; fileEncoding = 4; lastKnownFileType = sourcecode.c.h; path = TWSpringyFlowLayout.h; sourceTree = "<group>"; };
		B21C7F551D79A3F3008A7089 /* TWSpringyFlowLayout.m */ = {isa = PBXFileReference; fileEncoding = 4; lastKnownFileType = sourcecode.c.objc; path = TWSpringyFlowLayout.m; sourceTree = "<group>"; };
		B21C7F571D79A3F3008A7089 /* ComicBookInfoContextModel.h */ = {isa = PBXFileReference; fileEncoding = 4; lastKnownFileType = sourcecode.c.h; path = ComicBookInfoContextModel.h; sourceTree = "<group>"; };
		B21C7F581D79A3F3008A7089 /* ComicBookInfoContextModel.m */ = {isa = PBXFileReference; fileEncoding = 4; lastKnownFileType = sourcecode.c.objc; path = ComicBookInfoContextModel.m; sourceTree = "<group>"; };
		B21C7F5A1D79A3F3008A7089 /* DocumentTool.h */ = {isa = PBXFileReference; fileEncoding = 4; lastKnownFileType = sourcecode.c.h; path = DocumentTool.h; sourceTree = "<group>"; };
		B21C7F5B1D79A3F3008A7089 /* DocumentTool.m */ = {isa = PBXFileReference; fileEncoding = 4; lastKnownFileType = sourcecode.c.objc; path = DocumentTool.m; sourceTree = "<group>"; };
		B21C7F5C1D79A3F3008A7089 /* GetRequestUrlTool.h */ = {isa = PBXFileReference; fileEncoding = 4; lastKnownFileType = sourcecode.c.h; path = GetRequestUrlTool.h; sourceTree = "<group>"; };
		B21C7F5D1D79A3F3008A7089 /* GetRequestUrlTool.m */ = {isa = PBXFileReference; fileEncoding = 4; lastKnownFileType = sourcecode.c.objc; path = GetRequestUrlTool.m; sourceTree = "<group>"; };
		B21C7F5E1D79A3F3008A7089 /* JFJumpToControllerManager.h */ = {isa = PBXFileReference; fileEncoding = 4; lastKnownFileType = sourcecode.c.h; path = JFJumpToControllerManager.h; sourceTree = "<group>"; };
		B21C7F5F1D79A3F3008A7089 /* JFJumpToControllerManager.m */ = {isa = PBXFileReference; fileEncoding = 4; lastKnownFileType = sourcecode.c.objc; path = JFJumpToControllerManager.m; sourceTree = "<group>"; };
		B21C7F601D79A3F3008A7089 /* NewRequestTool.h */ = {isa = PBXFileReference; fileEncoding = 4; lastKnownFileType = sourcecode.c.h; path = NewRequestTool.h; sourceTree = "<group>"; };
		B21C7F611D79A3F3008A7089 /* NewRequestTool.m */ = {isa = PBXFileReference; fileEncoding = 4; lastKnownFileType = sourcecode.c.objc; path = NewRequestTool.m; sourceTree = "<group>"; };
		B21C7F621D79A3F3008A7089 /* Reachability.h */ = {isa = PBXFileReference; fileEncoding = 4; lastKnownFileType = sourcecode.c.h; path = Reachability.h; sourceTree = "<group>"; };
		B21C7F631D79A3F3008A7089 /* Reachability.m */ = {isa = PBXFileReference; fileEncoding = 4; lastKnownFileType = sourcecode.c.objc; path = Reachability.m; sourceTree = "<group>"; };
		B21C7F641D79A3F3008A7089 /* RequestTool.h */ = {isa = PBXFileReference; fileEncoding = 4; lastKnownFileType = sourcecode.c.h; path = RequestTool.h; sourceTree = "<group>"; };
		B21C7F651D79A3F3008A7089 /* RequestTool.m */ = {isa = PBXFileReference; fileEncoding = 4; lastKnownFileType = sourcecode.c.objc; path = RequestTool.m; sourceTree = "<group>"; };
		B21C7F671D79A3F3008A7089 /* ShowWaitView.h */ = {isa = PBXFileReference; fileEncoding = 4; lastKnownFileType = sourcecode.c.h; path = ShowWaitView.h; sourceTree = "<group>"; };
		B21C7F681D79A3F3008A7089 /* ShowWaitView.m */ = {isa = PBXFileReference; fileEncoding = 4; lastKnownFileType = sourcecode.c.objc; path = ShowWaitView.m; sourceTree = "<group>"; };
		B21C7F6C1D79A3F3008A7089 /* MyComicController.h */ = {isa = PBXFileReference; fileEncoding = 4; lastKnownFileType = sourcecode.c.h; path = MyComicController.h; sourceTree = "<group>"; };
		B21C7F6D1D79A3F3008A7089 /* MyComicController.m */ = {isa = PBXFileReference; fileEncoding = 4; lastKnownFileType = sourcecode.c.objc; path = MyComicController.m; sourceTree = "<group>"; };
		B21C7F6F1D79A3F3008A7089 /* MyComicContentModel.h */ = {isa = PBXFileReference; fileEncoding = 4; lastKnownFileType = sourcecode.c.h; path = MyComicContentModel.h; sourceTree = "<group>"; };
		B21C7F701D79A3F3008A7089 /* MyComicContentModel.m */ = {isa = PBXFileReference; fileEncoding = 4; lastKnownFileType = sourcecode.c.objc; path = MyComicContentModel.m; sourceTree = "<group>"; };
		B21C7F711D79A3F3008A7089 /* MyComicModel.h */ = {isa = PBXFileReference; fileEncoding = 4; lastKnownFileType = sourcecode.c.h; path = MyComicModel.h; sourceTree = "<group>"; };
		B21C7F721D79A3F3008A7089 /* MyComicModel.m */ = {isa = PBXFileReference; fileEncoding = 4; lastKnownFileType = sourcecode.c.objc; path = MyComicModel.m; sourceTree = "<group>"; };
		B21C7F731D79A3F3008A7089 /* MyComicTool.h */ = {isa = PBXFileReference; fileEncoding = 4; lastKnownFileType = sourcecode.c.h; path = MyComicTool.h; sourceTree = "<group>"; };
		B21C7F741D79A3F3008A7089 /* MyComicTool.m */ = {isa = PBXFileReference; fileEncoding = 4; lastKnownFileType = sourcecode.c.objc; path = MyComicTool.m; sourceTree = "<group>"; };
		B21C7F761D79A3F3008A7089 /* ContentImageView.h */ = {isa = PBXFileReference; fileEncoding = 4; lastKnownFileType = sourcecode.c.h; path = ContentImageView.h; sourceTree = "<group>"; };
		B21C7F771D79A3F3008A7089 /* ContentImageView.m */ = {isa = PBXFileReference; fileEncoding = 4; lastKnownFileType = sourcecode.c.objc; path = ContentImageView.m; sourceTree = "<group>"; };
		B21C7F781D79A3F3008A7089 /* ContentImageView.xib */ = {isa = PBXFileReference; fileEncoding = 4; lastKnownFileType = file.xib; path = ContentImageView.xib; sourceTree = "<group>"; };
		B21C7F791D79A3F3008A7089 /* MyComicTableViewCell.h */ = {isa = PBXFileReference; fileEncoding = 4; lastKnownFileType = sourcecode.c.h; path = MyComicTableViewCell.h; sourceTree = "<group>"; };
		B21C7F7A1D79A3F3008A7089 /* MyComicTableViewCell.m */ = {isa = PBXFileReference; fileEncoding = 4; lastKnownFileType = sourcecode.c.objc; path = MyComicTableViewCell.m; sourceTree = "<group>"; };
		B21C7F7B1D79A3F3008A7089 /* MyComicTableViewCell.xib */ = {isa = PBXFileReference; fileEncoding = 4; lastKnownFileType = file.xib; path = MyComicTableViewCell.xib; sourceTree = "<group>"; };
		B21C7F7F1D79A3F3008A7089 /* ComicBookListCollectionViewCell.h */ = {isa = PBXFileReference; fileEncoding = 4; lastKnownFileType = sourcecode.c.h; path = ComicBookListCollectionViewCell.h; sourceTree = "<group>"; };
		B21C7F801D79A3F3008A7089 /* ComicBookListCollectionViewCell.m */ = {isa = PBXFileReference; fileEncoding = 4; lastKnownFileType = sourcecode.c.objc; path = ComicBookListCollectionViewCell.m; sourceTree = "<group>"; };
		B21C7F811D79A3F3008A7089 /* ComicBookListCollectionViewCell.xib */ = {isa = PBXFileReference; fileEncoding = 4; lastKnownFileType = file.xib; path = ComicBookListCollectionViewCell.xib; sourceTree = "<group>"; };
		B21C7F831D79A3F3008A7089 /* JFComicBookReaderController.h */ = {isa = PBXFileReference; fileEncoding = 4; lastKnownFileType = sourcecode.c.h; path = JFComicBookReaderController.h; sourceTree = "<group>"; };
		B21C7F841D79A3F3008A7089 /* JFComicBookReaderController.m */ = {isa = PBXFileReference; fileEncoding = 4; lastKnownFileType = sourcecode.c.objc; path = JFComicBookReaderController.m; sourceTree = "<group>"; };
		B21C7F851D79A3F3008A7089 /* JFComicBookReaderController.xib */ = {isa = PBXFileReference; fileEncoding = 4; lastKnownFileType = file.xib; path = JFComicBookReaderController.xib; sourceTree = "<group>"; };
		B21C7F871D79A3F3008A7089 /* JFComicSectionsListViewController.h */ = {isa = PBXFileReference; fileEncoding = 4; lastKnownFileType = sourcecode.c.h; path = JFComicSectionsListViewController.h; sourceTree = "<group>"; };
		B21C7F881D79A3F3008A7089 /* JFComicSectionsListViewController.m */ = {isa = PBXFileReference; fileEncoding = 4; lastKnownFileType = sourcecode.c.objc; path = JFComicSectionsListViewController.m; sourceTree = "<group>"; };
		B21C7F891D79A3F3008A7089 /* JFComicSectionsListViewController.xib */ = {isa = PBXFileReference; fileEncoding = 4; lastKnownFileType = file.xib; path = JFComicSectionsListViewController.xib; sourceTree = "<group>"; };
		B21C7F8B1D79A3F3008A7089 /* ComicStoreViewController.h */ = {isa = PBXFileReference; fileEncoding = 4; lastKnownFileType = sourcecode.c.h; path = ComicStoreViewController.h; sourceTree = "<group>"; };
		B21C7F8C1D79A3F3008A7089 /* ComicStoreViewController.m */ = {isa = PBXFileReference; fileEncoding = 4; lastKnownFileType = sourcecode.c.objc; path = ComicStoreViewController.m; sourceTree = "<group>"; };
		B21C7F8D1D79A3F3008A7089 /* JFComicMoreViewController.h */ = {isa = PBXFileReference; fileEncoding = 4; lastKnownFileType = sourcecode.c.h; path = JFComicMoreViewController.h; sourceTree = "<group>"; };
		B21C7F8E1D79A3F3008A7089 /* JFComicMoreViewController.m */ = {isa = PBXFileReference; fileEncoding = 4; lastKnownFileType = sourcecode.c.objc; path = JFComicMoreViewController.m; sourceTree = "<group>"; };
		B21C7F8F1D79A3F3008A7089 /* JFComicMoreViewController.xib */ = {isa = PBXFileReference; fileEncoding = 4; lastKnownFileType = file.xib; path = JFComicMoreViewController.xib; sourceTree = "<group>"; };
		B21C7F911D79A3F3008A7089 /* ComicShowBookModel.h */ = {isa = PBXFileReference; fileEncoding = 4; lastKnownFileType = sourcecode.c.h; path = ComicShowBookModel.h; sourceTree = "<group>"; };
		B21C7F921D79A3F3008A7089 /* ComicShowBookModel.m */ = {isa = PBXFileReference; fileEncoding = 4; lastKnownFileType = sourcecode.c.objc; path = ComicShowBookModel.m; sourceTree = "<group>"; };
		B21C7F931D79A3F3008A7089 /* ComicStoreBookContentListModel.h */ = {isa = PBXFileReference; fileEncoding = 4; lastKnownFileType = sourcecode.c.h; path = ComicStoreBookContentListModel.h; sourceTree = "<group>"; };
		B21C7F941D79A3F3008A7089 /* ComicStoreBookContentListModel.m */ = {isa = PBXFileReference; fileEncoding = 4; lastKnownFileType = sourcecode.c.objc; path = ComicStoreBookContentListModel.m; sourceTree = "<group>"; };
		B21C7F961D79A3F3008A7089 /* HeaderModel.h */ = {isa = PBXFileReference; fileEncoding = 4; lastKnownFileType = sourcecode.c.h; path = HeaderModel.h; sourceTree = "<group>"; };
		B21C7F971D79A3F3008A7089 /* HeaderModel.m */ = {isa = PBXFileReference; fileEncoding = 4; lastKnownFileType = sourcecode.c.objc; path = HeaderModel.m; sourceTree = "<group>"; };
		B21C7F991D79A3F3008A7089 /* ListContentModel.h */ = {isa = PBXFileReference; fileEncoding = 4; lastKnownFileType = sourcecode.c.h; path = ListContentModel.h; sourceTree = "<group>"; };
		B21C7F9A1D79A3F3008A7089 /* ListContentModel.m */ = {isa = PBXFileReference; fileEncoding = 4; lastKnownFileType = sourcecode.c.objc; path = ListContentModel.m; sourceTree = "<group>"; };
		B21C7F9C1D79A3F3008A7089 /* NewStoreTitleModel.h */ = {isa = PBXFileReference; fileEncoding = 4; lastKnownFileType = sourcecode.c.h; path = NewStoreTitleModel.h; sourceTree = "<group>"; };
		B21C7F9D1D79A3F3008A7089 /* NewStoreTitleModel.m */ = {isa = PBXFileReference; fileEncoding = 4; lastKnownFileType = sourcecode.c.objc; path = NewStoreTitleModel.m; sourceTree = "<group>"; };
		B21C7F9F1D79A3F3008A7089 /* JFComicReaderBookContentModel.h */ = {isa = PBXFileReference; fileEncoding = 4; lastKnownFileType = sourcecode.c.h; path = JFComicReaderBookContentModel.h; sourceTree = "<group>"; };
		B21C7FA01D79A3F3008A7089 /* JFComicReaderBookContentModel.m */ = {isa = PBXFileReference; fileEncoding = 4; lastKnownFileType = sourcecode.c.objc; path = JFComicReaderBookContentModel.m; sourceTree = "<group>"; };
		B21C7FA11D79A3F3008A7089 /* JFComicReaderBookModel.h */ = {isa = PBXFileReference; fileEncoding = 4; lastKnownFileType = sourcecode.c.h; path = JFComicReaderBookModel.h; sourceTree = "<group>"; };
		B21C7FA21D79A3F3008A7089 /* JFComicReaderBookModel.m */ = {isa = PBXFileReference; fileEncoding = 4; lastKnownFileType = sourcecode.c.objc; path = JFComicReaderBookModel.m; sourceTree = "<group>"; };
		B21C7FA41D79A3F3008A7089 /* ComicStoreContentListCollectionView.h */ = {isa = PBXFileReference; fileEncoding = 4; lastKnownFileType = sourcecode.c.h; path = ComicStoreContentListCollectionView.h; sourceTree = "<group>"; };
		B21C7FA51D79A3F3008A7089 /* ComicStoreContentListCollectionView.m */ = {isa = PBXFileReference; fileEncoding = 4; lastKnownFileType = sourcecode.c.objc; path = ComicStoreContentListCollectionView.m; sourceTree = "<group>"; };
		B21C7FA61D79A3F3008A7089 /* ComicStoreHeaderView.h */ = {isa = PBXFileReference; fileEncoding = 4; lastKnownFileType = sourcecode.c.h; path = ComicStoreHeaderView.h; sourceTree = "<group>"; };
		B21C7FA71D79A3F3008A7089 /* ComicStoreHeaderView.m */ = {isa = PBXFileReference; fileEncoding = 4; lastKnownFileType = sourcecode.c.objc; path = ComicStoreHeaderView.m; sourceTree = "<group>"; };
		B21C7FA81D79A3F3008A7089 /* ContentListView.h */ = {isa = PBXFileReference; fileEncoding = 4; lastKnownFileType = sourcecode.c.h; path = ContentListView.h; sourceTree = "<group>"; };
		B21C7FA91D79A3F3008A7089 /* ContentListView.m */ = {isa = PBXFileReference; fileEncoding = 4; lastKnownFileType = sourcecode.c.objc; path = ContentListView.m; sourceTree = "<group>"; };
		B21C7FAB1D79A3F3008A7089 /* ResizeLabel.h */ = {isa = PBXFileReference; fileEncoding = 4; lastKnownFileType = sourcecode.c.h; path = ResizeLabel.h; sourceTree = "<group>"; };
		B21C7FAC1D79A3F3008A7089 /* ResizeLabel.m */ = {isa = PBXFileReference; fileEncoding = 4; lastKnownFileType = sourcecode.c.objc; path = ResizeLabel.m; sourceTree = "<group>"; };
		B21C7FAD1D79A3F3008A7089 /* JFComicListTitleView.h */ = {isa = PBXFileReference; fileEncoding = 4; lastKnownFileType = sourcecode.c.h; path = JFComicListTitleView.h; sourceTree = "<group>"; };
		B21C7FAE1D79A3F3008A7089 /* JFComicListTitleView.m */ = {isa = PBXFileReference; fileEncoding = 4; lastKnownFileType = sourcecode.c.objc; path = JFComicListTitleView.m; sourceTree = "<group>"; };
		B21C7FB21D79A3F3008A7089 /* JFComicBackButton.h */ = {isa = PBXFileReference; fileEncoding = 4; lastKnownFileType = sourcecode.c.h; path = JFComicBackButton.h; sourceTree = "<group>"; };
		B21C7FB31D79A3F3008A7089 /* JFComicBackButton.m */ = {isa = PBXFileReference; fileEncoding = 4; lastKnownFileType = sourcecode.c.objc; path = JFComicBackButton.m; sourceTree = "<group>"; };
		B21C7FB41D79A3F3008A7089 /* JFComicHeaderReusableView.h */ = {isa = PBXFileReference; fileEncoding = 4; lastKnownFileType = sourcecode.c.h; path = JFComicHeaderReusableView.h; sourceTree = "<group>"; };
		B21C7FB51D79A3F3008A7089 /* JFComicHeaderReusableView.m */ = {isa = PBXFileReference; fileEncoding = 4; lastKnownFileType = sourcecode.c.objc; path = JFComicHeaderReusableView.m; sourceTree = "<group>"; };
		B21C7FB61D79A3F3008A7089 /* JFComicHeaderReusableView.xib */ = {isa = PBXFileReference; fileEncoding = 4; lastKnownFileType = file.xib; path = JFComicHeaderReusableView.xib; sourceTree = "<group>"; };
		B21C7FB71D79A3F3008A7089 /* JFComicSelectedReusableView.h */ = {isa = PBXFileReference; fileEncoding = 4; lastKnownFileType = sourcecode.c.h; path = JFComicSelectedReusableView.h; sourceTree = "<group>"; };
		B21C7FB81D79A3F3008A7089 /* JFComicSelectedReusableView.m */ = {isa = PBXFileReference; fileEncoding = 4; lastKnownFileType = sourcecode.c.objc; path = JFComicSelectedReusableView.m; sourceTree = "<group>"; };
		B21C7FB91D79A3F3008A7089 /* JFComicSelectedReusableView.xib */ = {isa = PBXFileReference; fileEncoding = 4; lastKnownFileType = file.xib; path = JFComicSelectedReusableView.xib; sourceTree = "<group>"; };
		B21C7FBA1D79A3F3008A7089 /* JFComicShowBookLayout.h */ = {isa = PBXFileReference; fileEncoding = 4; lastKnownFileType = sourcecode.c.h; path = JFComicShowBookLayout.h; sourceTree = "<group>"; };
		B21C7FBB1D79A3F3008A7089 /* JFComicShowBookLayout.m */ = {isa = PBXFileReference; fileEncoding = 4; lastKnownFileType = sourcecode.c.objc; path = JFComicShowBookLayout.m; sourceTree = "<group>"; };
		B21C7FBC1D79A3F3008A7089 /* JFShowContentCollectionViewCell.h */ = {isa = PBXFileReference; fileEncoding = 4; lastKnownFileType = sourcecode.c.h; path = JFShowContentCollectionViewCell.h; sourceTree = "<group>"; };
		B21C7FBD1D79A3F3008A7089 /* JFShowContentCollectionViewCell.m */ = {isa = PBXFileReference; fileEncoding = 4; lastKnownFileType = sourcecode.c.objc; path = JFShowContentCollectionViewCell.m; sourceTree = "<group>"; };
		B21C7FBE1D79A3F3008A7089 /* JFShowContentCollectionViewCell.xib */ = {isa = PBXFileReference; fileEncoding = 4; lastKnownFileType = file.xib; path = JFShowContentCollectionViewCell.xib; sourceTree = "<group>"; };
		B21C7FBF1D79A3F3008A7089 /* SShowPageShapeView.h */ = {isa = PBXFileReference; fileEncoding = 4; lastKnownFileType = sourcecode.c.h; path = SShowPageShapeView.h; sourceTree = "<group>"; };
		B21C7FC01D79A3F3008A7089 /* SShowPageShapeView.m */ = {isa = PBXFileReference; fileEncoding = 4; lastKnownFileType = sourcecode.c.objc; path = SShowPageShapeView.m; sourceTree = "<group>"; };
		B21C7FC31D79A3F3008A7089 /* JFComicBlockingContentCellCollectionViewCell.h */ = {isa = PBXFileReference; fileEncoding = 4; lastKnownFileType = sourcecode.c.h; path = JFComicBlockingContentCellCollectionViewCell.h; sourceTree = "<group>"; };
		B21C7FC41D79A3F3008A7089 /* JFComicBlockingContentCellCollectionViewCell.m */ = {isa = PBXFileReference; fileEncoding = 4; lastKnownFileType = sourcecode.c.objc; path = JFComicBlockingContentCellCollectionViewCell.m; sourceTree = "<group>"; };
		B21C7FC51D79A3F3008A7089 /* JFComicBlockingContentCellCollectionViewCell.xib */ = {isa = PBXFileReference; fileEncoding = 4; lastKnownFileType = file.xib; path = JFComicBlockingContentCellCollectionViewCell.xib; sourceTree = "<group>"; };
		B21C7FC61D79A3F3008A7089 /* JFComicShowContentContentCell.h */ = {isa = PBXFileReference; fileEncoding = 4; lastKnownFileType = sourcecode.c.h; path = JFComicShowContentContentCell.h; sourceTree = "<group>"; };
		B21C7FC71D79A3F3008A7089 /* JFComicShowContentContentCell.m */ = {isa = PBXFileReference; fileEncoding = 4; lastKnownFileType = sourcecode.c.objc; path = JFComicShowContentContentCell.m; sourceTree = "<group>"; };
		B21C7FC81D79A3F3008A7089 /* JFComicShowContentContentCell.xib */ = {isa = PBXFileReference; fileEncoding = 4; lastKnownFileType = file.xib; path = JFComicShowContentContentCell.xib; sourceTree = "<group>"; };
		B21C7FC91D79A3F3008A7089 /* JFComicShowImageContentCell.h */ = {isa = PBXFileReference; fileEncoding = 4; lastKnownFileType = sourcecode.c.h; path = JFComicShowImageContentCell.h; sourceTree = "<group>"; };
		B21C7FCA1D79A3F3008A7089 /* JFComicShowImageContentCell.m */ = {isa = PBXFileReference; fileEncoding = 4; lastKnownFileType = sourcecode.c.objc; path = JFComicShowImageContentCell.m; sourceTree = "<group>"; };
		B21C7FCB1D79A3F3008A7089 /* JFComicShowImageContentCell.xib */ = {isa = PBXFileReference; fileEncoding = 4; lastKnownFileType = file.xib; path = JFComicShowImageContentCell.xib; sourceTree = "<group>"; };
		B21C7FCC1D79A3F3008A7089 /* JFComicBlockingCollectionView.h */ = {isa = PBXFileReference; fileEncoding = 4; lastKnownFileType = sourcecode.c.h; path = JFComicBlockingCollectionView.h; sourceTree = "<group>"; };
		B21C7FCD1D79A3F3008A7089 /* JFComicBlockingCollectionView.m */ = {isa = PBXFileReference; fileEncoding = 4; lastKnownFileType = sourcecode.c.objc; path = JFComicBlockingCollectionView.m; sourceTree = "<group>"; };
		B21C7FCE1D79A3F3008A7089 /* JFComicShowContentCollectionView.h */ = {isa = PBXFileReference; fileEncoding = 4; lastKnownFileType = sourcecode.c.h; path = JFComicShowContentCollectionView.h; sourceTree = "<group>"; };
		B21C7FCF1D79A3F3008A7089 /* JFComicShowContentCollectionView.m */ = {isa = PBXFileReference; fileEncoding = 4; lastKnownFileType = sourcecode.c.objc; path = JFComicShowContentCollectionView.m; sourceTree = "<group>"; };
		B21C7FD01D79A3F3008A7089 /* JFComicShowImageCollectionView.h */ = {isa = PBXFileReference; fileEncoding = 4; lastKnownFileType = sourcecode.c.h; path = JFComicShowImageCollectionView.h; sourceTree = "<group>"; };
		B21C7FD11D79A3F3008A7089 /* JFComicShowImageCollectionView.m */ = {isa = PBXFileReference; fileEncoding = 4; lastKnownFileType = sourcecode.c.objc; path = JFComicShowImageCollectionView.m; sourceTree = "<group>"; };
		B21C7FD21D79A3F3008A7089 /* JFComicStoreListBaseCell.h */ = {isa = PBXFileReference; fileEncoding = 4; lastKnownFileType = sourcecode.c.h; path = JFComicStoreListBaseCell.h; sourceTree = "<group>"; };
		B21C7FD31D79A3F3008A7089 /* JFComicStoreListBaseCell.m */ = {isa = PBXFileReference; fileEncoding = 4; lastKnownFileType = sourcecode.c.objc; path = JFComicStoreListBaseCell.m; sourceTree = "<group>"; };
		B21C7FD51D79A3F3008A7089 /* ComicStoreTool.h */ = {isa = PBXFileReference; fileEncoding = 4; lastKnownFileType = sourcecode.c.h; path = ComicStoreTool.h; sourceTree = "<group>"; };
		B21C7FD61D79A3F3008A7089 /* ComicStoreTool.m */ = {isa = PBXFileReference; fileEncoding = 4; lastKnownFileType = sourcecode.c.objc; path = ComicStoreTool.m; sourceTree = "<group>"; };
		B21C7FD71D79A3F3008A7089 /* JFComicStoreModelTool.h */ = {isa = PBXFileReference; fileEncoding = 4; lastKnownFileType = sourcecode.c.h; path = JFComicStoreModelTool.h; sourceTree = "<group>"; };
		B21C7FD81D79A3F3008A7089 /* JFComicStoreModelTool.m */ = {isa = PBXFileReference; fileEncoding = 4; lastKnownFileType = sourcecode.c.objc; path = JFComicStoreModelTool.m; sourceTree = "<group>"; };
		B21C7FDB1D79A3F3008A7089 /* ViewController.h */ = {isa = PBXFileReference; fileEncoding = 4; lastKnownFileType = sourcecode.c.h; path = ViewController.h; sourceTree = "<group>"; };
		B21C7FDC1D79A3F3008A7089 /* ViewController.m */ = {isa = PBXFileReference; fileEncoding = 4; lastKnownFileType = sourcecode.c.objc; path = ViewController.m; sourceTree = "<group>"; };
		B21C7FE01D79A3F3008A7089 /* ComicSearchViewController.h */ = {isa = PBXFileReference; fileEncoding = 4; lastKnownFileType = sourcecode.c.h; path = ComicSearchViewController.h; sourceTree = "<group>"; };
		B21C7FE11D79A3F3008A7089 /* ComicSearchViewController.m */ = {isa = PBXFileReference; fileEncoding = 4; lastKnownFileType = sourcecode.c.objc; path = ComicSearchViewController.m; sourceTree = "<group>"; };
		B21C7FE21D79A3F3008A7089 /* SearchNamePlist.plist */ = {isa = PBXFileReference; lastKnownFileType = file.bplist; path = SearchNamePlist.plist; sourceTree = "<group>"; };
		B21C7FE51D79A3F3008A7089 /* JFRefreshControl.h */ = {isa = PBXFileReference; fileEncoding = 4; lastKnownFileType = sourcecode.c.h; path = JFRefreshControl.h; sourceTree = "<group>"; };
		B21C7FE61D79A3F3008A7089 /* JFRefreshControl.m */ = {isa = PBXFileReference; fileEncoding = 4; lastKnownFileType = sourcecode.c.objc; path = JFRefreshControl.m; sourceTree = "<group>"; };
		B21C7FE71D79A3F3008A7089 /* JFRefreshOpration.h */ = {isa = PBXFileReference; fileEncoding = 4; lastKnownFileType = sourcecode.c.h; path = JFRefreshOpration.h; sourceTree = "<group>"; };
		B21C7FE81D79A3F3008A7089 /* JFRefreshOpration.m */ = {isa = PBXFileReference; fileEncoding = 4; lastKnownFileType = sourcecode.c.objc; path = JFRefreshOpration.m; sourceTree = "<group>"; };
		B21C7FE91D79A3F3008A7089 /* UIScrollView+JFRefresh.h */ = {isa = PBXFileReference; fileEncoding = 4; lastKnownFileType = sourcecode.c.h; path = "UIScrollView+JFRefresh.h"; sourceTree = "<group>"; };
		B21C7FEA1D79A3F3008A7089 /* UIScrollView+JFRefresh.m */ = {isa = PBXFileReference; fileEncoding = 4; lastKnownFileType = sourcecode.c.objc; path = "UIScrollView+JFRefresh.m"; sourceTree = "<group>"; };
		B21C7FEB1D79A3F3008A7089 /* UIView+JFFrame.h */ = {isa = PBXFileReference; fileEncoding = 4; lastKnownFileType = sourcecode.c.h; path = "UIView+JFFrame.h"; sourceTree = "<group>"; };
		B21C7FEC1D79A3F3008A7089 /* UIView+JFFrame.m */ = {isa = PBXFileReference; fileEncoding = 4; lastKnownFileType = sourcecode.c.objc; path = "UIView+JFFrame.m"; sourceTree = "<group>"; };
		B21C7FEE1D79A3F3008A7089 /* MONActivityIndicatorView.h */ = {isa = PBXFileReference; fileEncoding = 4; lastKnownFileType = sourcecode.c.h; path = MONActivityIndicatorView.h; sourceTree = "<group>"; };
		B21C7FEF1D79A3F3008A7089 /* MONActivityIndicatorView.m */ = {isa = PBXFileReference; fileEncoding = 4; lastKnownFileType = sourcecode.c.objc; path = MONActivityIndicatorView.m; sourceTree = "<group>"; };
		B21C7FF21D79A3F3008A7089 /* UIImage+KVNEmpty.h */ = {isa = PBXFileReference; fileEncoding = 4; lastKnownFileType = sourcecode.c.h; path = "UIImage+KVNEmpty.h"; sourceTree = "<group>"; };
		B21C7FF31D79A3F3008A7089 /* UIImage+KVNEmpty.m */ = {isa = PBXFileReference; fileEncoding = 4; lastKnownFileType = sourcecode.c.objc; path = "UIImage+KVNEmpty.m"; sourceTree = "<group>"; };
		B21C7FF41D79A3F3008A7089 /* UIImage+KVNImageEffects.h */ = {isa = PBXFileReference; fileEncoding = 4; lastKnownFileType = sourcecode.c.h; path = "UIImage+KVNImageEffects.h"; sourceTree = "<group>"; };
		B21C7FF51D79A3F3008A7089 /* UIImage+KVNImageEffects.m */ = {isa = PBXFileReference; fileEncoding = 4; lastKnownFileType = sourcecode.c.objc; path = "UIImage+KVNImageEffects.m"; sourceTree = "<group>"; };
		B21C7FF71D79A3F3008A7089 /* KVNProgress.h */ = {isa = PBXFileReference; fileEncoding = 4; lastKnownFileType = sourcecode.c.h; path = KVNProgress.h; sourceTree = "<group>"; };
		B21C7FF81D79A3F3008A7089 /* KVNProgress.m */ = {isa = PBXFileReference; fileEncoding = 4; lastKnownFileType = sourcecode.c.objc; path = KVNProgress.m; sourceTree = "<group>"; };
		B21C7FF91D79A3F3008A7089 /* KVNProgressView.xib */ = {isa = PBXFileReference; fileEncoding = 4; lastKnownFileType = file.xib; path = KVNProgressView.xib; sourceTree = "<group>"; };
		B21C7FFB1D79A3F3008A7089 /* UIScrollView+UzysAnimatedGifLoadMore.h */ = {isa = PBXFileReference; fileEncoding = 4; lastKnownFileType = sourcecode.c.h; path = "UIScrollView+UzysAnimatedGifLoadMore.h"; sourceTree = "<group>"; };
		B21C7FFC1D79A3F3008A7089 /* UIScrollView+UzysAnimatedGifLoadMore.m */ = {isa = PBXFileReference; fileEncoding = 4; lastKnownFileType = sourcecode.c.objc; path = "UIScrollView+UzysAnimatedGifLoadMore.m"; sourceTree = "<group>"; };
		B21C7FFD1D79A3F3008A7089 /* UzysAnimatedGifLoadMoreConfiguration.h */ = {isa = PBXFileReference; fileEncoding = 4; lastKnownFileType = sourcecode.c.h; path = UzysAnimatedGifLoadMoreConfiguration.h; sourceTree = "<group>"; };
		B21C7FFE1D79A3F3008A7089 /* UzysAnimtedGifLoadMoreView.h */ = {isa = PBXFileReference; fileEncoding = 4; lastKnownFileType = sourcecode.c.h; path = UzysAnimtedGifLoadMoreView.h; sourceTree = "<group>"; };
		B21C7FFF1D79A3F3008A7089 /* UzysAnimtedGifLoadMoreView.m */ = {isa = PBXFileReference; fileEncoding = 4; lastKnownFileType = sourcecode.c.objc; path = UzysAnimtedGifLoadMoreView.m; sourceTree = "<group>"; };
		B21C80511D79AECF008A7089 /* ComicReader-Prefix Header.h */ = {isa = PBXFileReference; lastKnownFileType = sourcecode.c.h; path = "ComicReader-Prefix Header.h"; sourceTree = "<group>"; };
		B21C80521D79C5B0008A7089 /* libPods-ComicReader.a */ = {isa = PBXFileReference; lastKnownFileType = archive.ar; name = "libPods-ComicReader.a"; path = "Pods/../build/Debug-iphoneos/libPods-ComicReader.a"; sourceTree = "<group>"; };
		B21C80541D79C5B7008A7089 /* libPods-ComicReaderTests.a */ = {isa = PBXFileReference; lastKnownFileType = archive.ar; name = "libPods-ComicReaderTests.a"; path = "Pods/../build/Debug-iphoneos/libPods-ComicReaderTests.a"; sourceTree = "<group>"; };
		C960DFDD68B6B1BAEAD62863 /* libPods-ComicReader.a */ = {isa = PBXFileReference; explicitFileType = archive.ar; includeInIndex = 0; path = "libPods-ComicReader.a"; sourceTree = BUILT_PRODUCTS_DIR; };
		CF2BB18C2E9AE20C1D635C4B /* libPods-ComicReaderTests.a */ = {isa = PBXFileReference; explicitFileType = archive.ar; includeInIndex = 0; path = "libPods-ComicReaderTests.a"; sourceTree = BUILT_PRODUCTS_DIR; };
		EC63833D5981548536E932B2 /* Pods-ComicReader.debug.xcconfig */ = {isa = PBXFileReference; includeInIndex = 1; lastKnownFileType = text.xcconfig; name = "Pods-ComicReader.debug.xcconfig"; path = "Pods/Target Support Files/Pods-ComicReader/Pods-ComicReader.debug.xcconfig"; sourceTree = "<group>"; };
		EE5D953B1CD74A8C0045B1BB /* Accelerate.framework */ = {isa = PBXFileReference; lastKnownFileType = wrapper.framework; name = Accelerate.framework; path = System/Library/Frameworks/Accelerate.framework; sourceTree = SDKROOT; };
		F728396E3C7F84828798032F /* Pods-ComicReaderTests.release.xcconfig */ = {isa = PBXFileReference; includeInIndex = 1; lastKnownFileType = text.xcconfig; name = "Pods-ComicReaderTests.release.xcconfig"; path = "Pods/Target Support Files/Pods-ComicReaderTests/Pods-ComicReaderTests.release.xcconfig"; sourceTree = "<group>"; };
/* End PBXFileReference section */

/* Begin PBXFrameworksBuildPhase section */
		04ACB6141A2D50DD00A9FAA6 /* Frameworks */ = {
			isa = PBXFrameworksBuildPhase;
			buildActionMask = 2147483647;
			files = (
				B21C80551D79C5B7008A7089 /* libPods-ComicReaderTests.a in Frameworks */,
				B21C80531D79C5B0008A7089 /* libPods-ComicReader.a in Frameworks */,
				EE5D953C1CD74A8C0045B1BB /* Accelerate.framework in Frameworks */,
				044FA33F1A3FD10B0069A867 /* SystemConfiguration.framework in Frameworks */,
			);
			runOnlyForDeploymentPostprocessing = 0;
		};
		04ACB6301A2D50DD00A9FAA6 /* Frameworks */ = {
			isa = PBXFrameworksBuildPhase;
			buildActionMask = 2147483647;
			files = (
				5324FFEE49339D650C371827 /* libPods-ComicReaderTests.a in Frameworks */,
			);
			runOnlyForDeploymentPostprocessing = 0;
		};
/* End PBXFrameworksBuildPhase section */

/* Begin PBXGroup section */
		04402F4D1B08B6C300788DE7 /* resource */ = {
			isa = PBXGroup;
			children = (
				04402F4E1B08B6C300788DE7 /* bounce_sammy@2x.gif */,
				04402F4F1B08B6C300788DE7 /* farmtruck@2x.gif */,
				04402F501B08B6C300788DE7 /* fruit_animation@2x.gif */,
				04402F511B08B6C300788DE7 /* inbox@2x.gif */,
				04402F521B08B6C300788DE7 /* nevertoolate@2x.gif */,
				04402F531B08B6C300788DE7 /* slackLoader@2x.gif */,
			);
			path = resource;
			sourceTree = "<group>";
		};
		04ACB60E1A2D50DD00A9FAA6 = {
			isa = PBXGroup;
			children = (
				04ACB6191A2D50DD00A9FAA6 /* ComicReader */,
				04ACB6361A2D50DD00A9FAA6 /* ComicReaderTests */,
				04ACB6181A2D50DD00A9FAA6 /* Products */,
				C337411806AF5096F8294FC6 /* Pods */,
				A3B1A303FF180FBA064296AA /* Frameworks */,
			);
			sourceTree = "<group>";
		};
		04ACB6181A2D50DD00A9FAA6 /* Products */ = {
			isa = PBXGroup;
			children = (
				04ACB6171A2D50DD00A9FAA6 /* ComicReader.app */,
				04ACB6331A2D50DD00A9FAA6 /* ComicReaderTests.xctest */,
			);
			name = Products;
			sourceTree = "<group>";
		};
		04ACB6191A2D50DD00A9FAA6 /* ComicReader */ = {
			isa = PBXGroup;
			children = (
				04402F4D1B08B6C300788DE7 /* resource */,
				B21C7F401D79A3F3008A7089 /* Classes */,
				04ACB61A1A2D50DD00A9FAA6 /* Supporting Files */,
			);
			path = ComicReader;
			sourceTree = "<group>";
		};
		04ACB61A1A2D50DD00A9FAA6 /* Supporting Files */ = {
			isa = PBXGroup;
			children = (
				B21C80511D79AECF008A7089 /* ComicReader-Prefix Header.h */,
				B21C7F3E1D79A07B008A7089 /* GoogleService-Info.plist */,
				04ACB6271A2D50DD00A9FAA6 /* Main.storyboard */,
				04ACB6451A2D586200A9FAA6 /* Images.xcassets */,
				043FE1521A369C11005F3EBA /* main.m */,
				043FE1551A369C52005F3EBA /* Info.plist */,
				04ACB62C1A2D50DD00A9FAA6 /* LaunchScreen.xib */,
				04ACB6211A2D50DD00A9FAA6 /* ComicReader.xcdatamodeld */,
				044FA33E1A3FD10B0069A867 /* SystemConfiguration.framework */,
				04ACB61B1A2D50DD00A9FAA6 /* Info.plist */,
				04ACB61C1A2D50DD00A9FAA6 /* main.m */,
			);
			name = "Supporting Files";
			sourceTree = "<group>";
		};
		04ACB6361A2D50DD00A9FAA6 /* ComicReaderTests */ = {
			isa = PBXGroup;
			children = (
				04ACB6391A2D50DD00A9FAA6 /* ComicReaderTests.m */,
				04ACB6371A2D50DD00A9FAA6 /* Supporting Files */,
			);
			path = ComicReaderTests;
			sourceTree = "<group>";
		};
		04ACB6371A2D50DD00A9FAA6 /* Supporting Files */ = {
			isa = PBXGroup;
			children = (
				04ACB6381A2D50DD00A9FAA6 /* Info.plist */,
			);
			name = "Supporting Files";
			sourceTree = "<group>";
		};
		A3B1A303FF180FBA064296AA /* Frameworks */ = {
			isa = PBXGroup;
			children = (
				B21C80541D79C5B7008A7089 /* libPods-ComicReaderTests.a */,
				B21C80521D79C5B0008A7089 /* libPods-ComicReader.a */,
				EE5D953B1CD74A8C0045B1BB /* Accelerate.framework */,
				521533871A11B515AB29F8C4 /* libPods.a */,
				C960DFDD68B6B1BAEAD62863 /* libPods-ComicReader.a */,
				CF2BB18C2E9AE20C1D635C4B /* libPods-ComicReaderTests.a */,
			);
			name = Frameworks;
			sourceTree = "<group>";
		};
		B21C7F401D79A3F3008A7089 /* Classes */ = {
			isa = PBXGroup;
			children = (
				B21C7F411D79A3F3008A7089 /* Application */,
				B21C7FE31D79A3F3008A7089 /* Vender */,
				B21C7F441D79A3F3008A7089 /* Common */,
				B21C7F691D79A3F3008A7089 /* Module */,
			);
			path = Classes;
			sourceTree = "<group>";
		};
		B21C7F411D79A3F3008A7089 /* Application */ = {
			isa = PBXGroup;
			children = (
				B21C7F421D79A3F3008A7089 /* AppDelegate.h */,
				B21C7F431D79A3F3008A7089 /* AppDelegate.m */,
			);
			path = Application;
			sourceTree = "<group>";
		};
		B21C7F441D79A3F3008A7089 /* Common */ = {
			isa = PBXGroup;
			children = (
				B21C7F451D79A3F3008A7089 /* Base */,
				B21C7F481D79A3F3008A7089 /* Category */,
				B21C7F511D79A3F3008A7089 /* Image */,
				B21C7F531D79A3F3008A7089 /* Layout */,
				B21C7F561D79A3F3008A7089 /* Model */,
				B21C7F591D79A3F3008A7089 /* Tool */,
				B21C7F661D79A3F3008A7089 /* View */,
			);
			path = Common;
			sourceTree = "<group>";
		};
		B21C7F451D79A3F3008A7089 /* Base */ = {
			isa = PBXGroup;
			children = (
				B21C7F461D79A3F3008A7089 /* NavigationStyle.h */,
				B21C7F471D79A3F3008A7089 /* NavigationStyle.m */,
			);
			path = Base;
			sourceTree = "<group>";
		};
		B21C7F481D79A3F3008A7089 /* Category */ = {
			isa = PBXGroup;
			children = (
				B21C7F491D79A3F3008A7089 /* NSMutableAttributedString+TitleTreatment.h */,
				B21C7F4A1D79A3F3008A7089 /* NSMutableAttributedString+TitleTreatment.m */,
				B21C7F4B1D79A3F3008A7089 /* NSObject+KVCKeyword.h */,
				B21C7F4C1D79A3F3008A7089 /* NSObject+KVCKeyword.m */,
				B21C7F4D1D79A3F3008A7089 /* UIImage+CutIntoPieces.h */,
				B21C7F4E1D79A3F3008A7089 /* UIImage+CutIntoPieces.m */,
				B21C7F4F1D79A3F3008A7089 /* UIView+Genie.h */,
				B21C7F501D79A3F3008A7089 /* UIView+Genie.m */,
			);
			path = Category;
			sourceTree = "<group>";
		};
		B21C7F511D79A3F3008A7089 /* Image */ = {
			isa = PBXGroup;
			children = (
				B21C7F521D79A3F3008A7089 /* loading_content1.gif */,
			);
			path = Image;
			sourceTree = "<group>";
		};
		B21C7F531D79A3F3008A7089 /* Layout */ = {
			isa = PBXGroup;
			children = (
				B21C7F541D79A3F3008A7089 /* TWSpringyFlowLayout.h */,
				B21C7F551D79A3F3008A7089 /* TWSpringyFlowLayout.m */,
			);
			path = Layout;
			sourceTree = "<group>";
		};
		B21C7F561D79A3F3008A7089 /* Model */ = {
			isa = PBXGroup;
			children = (
				B21C7F571D79A3F3008A7089 /* ComicBookInfoContextModel.h */,
				B21C7F581D79A3F3008A7089 /* ComicBookInfoContextModel.m */,
			);
			path = Model;
			sourceTree = "<group>";
		};
		B21C7F591D79A3F3008A7089 /* Tool */ = {
			isa = PBXGroup;
			children = (
				B21C7F5A1D79A3F3008A7089 /* DocumentTool.h */,
				B21C7F5B1D79A3F3008A7089 /* DocumentTool.m */,
				B21C7F5C1D79A3F3008A7089 /* GetRequestUrlTool.h */,
				B21C7F5D1D79A3F3008A7089 /* GetRequestUrlTool.m */,
				B21C7F5E1D79A3F3008A7089 /* JFJumpToControllerManager.h */,
				B21C7F5F1D79A3F3008A7089 /* JFJumpToControllerManager.m */,
				B21C7F601D79A3F3008A7089 /* NewRequestTool.h */,
				B21C7F611D79A3F3008A7089 /* NewRequestTool.m */,
				B21C7F621D79A3F3008A7089 /* Reachability.h */,
				B21C7F631D79A3F3008A7089 /* Reachability.m */,
				B21C7F641D79A3F3008A7089 /* RequestTool.h */,
				B21C7F651D79A3F3008A7089 /* RequestTool.m */,
			);
			path = Tool;
			sourceTree = "<group>";
		};
		B21C7F661D79A3F3008A7089 /* View */ = {
			isa = PBXGroup;
			children = (
				B21C7F671D79A3F3008A7089 /* ShowWaitView.h */,
				B21C7F681D79A3F3008A7089 /* ShowWaitView.m */,
			);
			path = View;
			sourceTree = "<group>";
		};
		B21C7F691D79A3F3008A7089 /* Module */ = {
			isa = PBXGroup;
			children = (
				B21C7FD91D79A3F3008A7089 /* Main */,
				B21C7FDF1D79A3F3008A7089 /* Search */,
				B21C7F6A1D79A3F3008A7089 /* Collection */,
				B21C7F7C1D79A3F3008A7089 /* Comic */,
			);
			path = Module;
			sourceTree = "<group>";
		};
		B21C7F6A1D79A3F3008A7089 /* Collection */ = {
			isa = PBXGroup;
			children = (
				B21C7F6B1D79A3F3008A7089 /* Controller */,
				B21C7F6E1D79A3F3008A7089 /* Model */,
				B21C7F751D79A3F3008A7089 /* View */,
			);
			path = Collection;
			sourceTree = "<group>";
		};
		B21C7F6B1D79A3F3008A7089 /* Controller */ = {
			isa = PBXGroup;
			children = (
				B21C7F6C1D79A3F3008A7089 /* MyComicController.h */,
				B21C7F6D1D79A3F3008A7089 /* MyComicController.m */,
			);
			path = Controller;
			sourceTree = "<group>";
		};
		B21C7F6E1D79A3F3008A7089 /* Model */ = {
			isa = PBXGroup;
			children = (
				B21C7F6F1D79A3F3008A7089 /* MyComicContentModel.h */,
				B21C7F701D79A3F3008A7089 /* MyComicContentModel.m */,
				B21C7F711D79A3F3008A7089 /* MyComicModel.h */,
				B21C7F721D79A3F3008A7089 /* MyComicModel.m */,
				B21C7F731D79A3F3008A7089 /* MyComicTool.h */,
				B21C7F741D79A3F3008A7089 /* MyComicTool.m */,
			);
			path = Model;
			sourceTree = "<group>";
		};
		B21C7F751D79A3F3008A7089 /* View */ = {
			isa = PBXGroup;
			children = (
				B21C7F761D79A3F3008A7089 /* ContentImageView.h */,
				B21C7F771D79A3F3008A7089 /* ContentImageView.m */,
				B21C7F781D79A3F3008A7089 /* ContentImageView.xib */,
				B21C7F791D79A3F3008A7089 /* MyComicTableViewCell.h */,
				B21C7F7A1D79A3F3008A7089 /* MyComicTableViewCell.m */,
				B21C7F7B1D79A3F3008A7089 /* MyComicTableViewCell.xib */,
			);
			path = View;
			sourceTree = "<group>";
		};
		B21C7F7C1D79A3F3008A7089 /* Comic */ = {
			isa = PBXGroup;
			children = (
				B21C7F7D1D79A3F3008A7089 /* Controller */,
				B21C7F901D79A3F3008A7089 /* Model */,
				B21C7FA31D79A3F3008A7089 /* View */,
			);
			path = Comic;
			sourceTree = "<group>";
		};
		B21C7F7D1D79A3F3008A7089 /* Controller */ = {
			isa = PBXGroup;
			children = (
				B21C7F7E1D79A3F3008A7089 /* BookContentList */,
				B21C7F821D79A3F3008A7089 /* BookReader */,
				B21C7F861D79A3F3008A7089 /* ShowBook */,
				B21C7F8A1D79A3F3008A7089 /* StoreController */,
			);
			path = Controller;
			sourceTree = "<group>";
		};
		B21C7F7E1D79A3F3008A7089 /* BookContentList */ = {
			isa = PBXGroup;
			children = (
				B21C7F7F1D79A3F3008A7089 /* ComicBookListCollectionViewCell.h */,
				B21C7F801D79A3F3008A7089 /* ComicBookListCollectionViewCell.m */,
				B21C7F811D79A3F3008A7089 /* ComicBookListCollectionViewCell.xib */,
			);
			path = BookContentList;
			sourceTree = "<group>";
		};
		B21C7F821D79A3F3008A7089 /* BookReader */ = {
			isa = PBXGroup;
			children = (
				B21C7F831D79A3F3008A7089 /* JFComicBookReaderController.h */,
				B21C7F841D79A3F3008A7089 /* JFComicBookReaderController.m */,
				B21C7F851D79A3F3008A7089 /* JFComicBookReaderController.xib */,
			);
			path = BookReader;
			sourceTree = "<group>";
		};
		B21C7F861D79A3F3008A7089 /* ShowBook */ = {
			isa = PBXGroup;
			children = (
				B21C7F871D79A3F3008A7089 /* JFComicSectionsListViewController.h */,
				B21C7F881D79A3F3008A7089 /* JFComicSectionsListViewController.m */,
				B21C7F891D79A3F3008A7089 /* JFComicSectionsListViewController.xib */,
			);
			path = ShowBook;
			sourceTree = "<group>";
		};
		B21C7F8A1D79A3F3008A7089 /* StoreController */ = {
			isa = PBXGroup;
			children = (
				B21C7F8B1D79A3F3008A7089 /* ComicStoreViewController.h */,
				B21C7F8C1D79A3F3008A7089 /* ComicStoreViewController.m */,
				B21C7F8D1D79A3F3008A7089 /* JFComicMoreViewController.h */,
				B21C7F8E1D79A3F3008A7089 /* JFComicMoreViewController.m */,
				B21C7F8F1D79A3F3008A7089 /* JFComicMoreViewController.xib */,
			);
			path = StoreController;
			sourceTree = "<group>";
		};
		B21C7F901D79A3F3008A7089 /* Model */ = {
			isa = PBXGroup;
			children = (
				B21C7F911D79A3F3008A7089 /* ComicShowBookModel.h */,
				B21C7F921D79A3F3008A7089 /* ComicShowBookModel.m */,
				B21C7F931D79A3F3008A7089 /* ComicStoreBookContentListModel.h */,
				B21C7F941D79A3F3008A7089 /* ComicStoreBookContentListModel.m */,
				B21C7F951D79A3F3008A7089 /* HeaderModel */,
				B21C7F981D79A3F3008A7089 /* ListContentModel */,
				B21C7F9B1D79A3F3008A7089 /* NewStoreModel */,
				B21C7F9E1D79A3F3008A7089 /* Reader */,
			);
			path = Model;
			sourceTree = "<group>";
		};
		B21C7F951D79A3F3008A7089 /* HeaderModel */ = {
			isa = PBXGroup;
			children = (
				B21C7F961D79A3F3008A7089 /* HeaderModel.h */,
				B21C7F971D79A3F3008A7089 /* HeaderModel.m */,
			);
			path = HeaderModel;
			sourceTree = "<group>";
		};
		B21C7F981D79A3F3008A7089 /* ListContentModel */ = {
			isa = PBXGroup;
			children = (
				B21C7F991D79A3F3008A7089 /* ListContentModel.h */,
				B21C7F9A1D79A3F3008A7089 /* ListContentModel.m */,
			);
			path = ListContentModel;
			sourceTree = "<group>";
		};
		B21C7F9B1D79A3F3008A7089 /* NewStoreModel */ = {
			isa = PBXGroup;
			children = (
				B21C7F9C1D79A3F3008A7089 /* NewStoreTitleModel.h */,
				B21C7F9D1D79A3F3008A7089 /* NewStoreTitleModel.m */,
			);
			path = NewStoreModel;
			sourceTree = "<group>";
		};
		B21C7F9E1D79A3F3008A7089 /* Reader */ = {
			isa = PBXGroup;
			children = (
				B21C7F9F1D79A3F3008A7089 /* JFComicReaderBookContentModel.h */,
				B21C7FA01D79A3F3008A7089 /* JFComicReaderBookContentModel.m */,
				B21C7FA11D79A3F3008A7089 /* JFComicReaderBookModel.h */,
				B21C7FA21D79A3F3008A7089 /* JFComicReaderBookModel.m */,
			);
			path = Reader;
			sourceTree = "<group>";
		};
		B21C7FA31D79A3F3008A7089 /* View */ = {
			isa = PBXGroup;
			children = (
				B21C7FA41D79A3F3008A7089 /* ComicStoreContentListCollectionView.h */,
				B21C7FA51D79A3F3008A7089 /* ComicStoreContentListCollectionView.m */,
				B21C7FA61D79A3F3008A7089 /* ComicStoreHeaderView.h */,
				B21C7FA71D79A3F3008A7089 /* ComicStoreHeaderView.m */,
				B21C7FA81D79A3F3008A7089 /* ContentListView.h */,
				B21C7FA91D79A3F3008A7089 /* ContentListView.m */,
				B21C7FAA1D79A3F3008A7089 /* ElementView */,
				B21C7FAD1D79A3F3008A7089 /* JFComicListTitleView.h */,
				B21C7FAE1D79A3F3008A7089 /* JFComicListTitleView.m */,
				B21C7FAF1D79A3F3008A7089 /* List */,
				B21C7FB01D79A3F3008A7089 /* Reader */,
				B21C7FB11D79A3F3008A7089 /* ShowBook */,
				B21C7FBF1D79A3F3008A7089 /* SShowPageShapeView.h */,
				B21C7FC01D79A3F3008A7089 /* SShowPageShapeView.m */,
				B21C7FC11D79A3F3008A7089 /* StoreCell */,
				B21C7FD41D79A3F3008A7089 /* StoreTool */,
			);
			path = View;
			sourceTree = "<group>";
		};
		B21C7FAA1D79A3F3008A7089 /* ElementView */ = {
			isa = PBXGroup;
			children = (
				B21C7FAB1D79A3F3008A7089 /* ResizeLabel.h */,
				B21C7FAC1D79A3F3008A7089 /* ResizeLabel.m */,
			);
			path = ElementView;
			sourceTree = "<group>";
		};
		B21C7FAF1D79A3F3008A7089 /* List */ = {
			isa = PBXGroup;
			children = (
			);
			path = List;
			sourceTree = "<group>";
		};
		B21C7FB01D79A3F3008A7089 /* Reader */ = {
			isa = PBXGroup;
			children = (
			);
			path = Reader;
			sourceTree = "<group>";
		};
		B21C7FB11D79A3F3008A7089 /* ShowBook */ = {
			isa = PBXGroup;
			children = (
				B21C7FB21D79A3F3008A7089 /* JFComicBackButton.h */,
				B21C7FB31D79A3F3008A7089 /* JFComicBackButton.m */,
				B21C7FB41D79A3F3008A7089 /* JFComicHeaderReusableView.h */,
				B21C7FB51D79A3F3008A7089 /* JFComicHeaderReusableView.m */,
				B21C7FB61D79A3F3008A7089 /* JFComicHeaderReusableView.xib */,
				B21C7FB71D79A3F3008A7089 /* JFComicSelectedReusableView.h */,
				B21C7FB81D79A3F3008A7089 /* JFComicSelectedReusableView.m */,
				B21C7FB91D79A3F3008A7089 /* JFComicSelectedReusableView.xib */,
				B21C7FBA1D79A3F3008A7089 /* JFComicShowBookLayout.h */,
				B21C7FBB1D79A3F3008A7089 /* JFComicShowBookLayout.m */,
				B21C7FBC1D79A3F3008A7089 /* JFShowContentCollectionViewCell.h */,
				B21C7FBD1D79A3F3008A7089 /* JFShowContentCollectionViewCell.m */,
				B21C7FBE1D79A3F3008A7089 /* JFShowContentCollectionViewCell.xib */,
			);
			path = ShowBook;
			sourceTree = "<group>";
		};
		B21C7FC11D79A3F3008A7089 /* StoreCell */ = {
			isa = PBXGroup;
			children = (
				B21C7FC21D79A3F3008A7089 /* ContentCell */,
				B21C7FCC1D79A3F3008A7089 /* JFComicBlockingCollectionView.h */,
				B21C7FCD1D79A3F3008A7089 /* JFComicBlockingCollectionView.m */,
				B21C7FCE1D79A3F3008A7089 /* JFComicShowContentCollectionView.h */,
				B21C7FCF1D79A3F3008A7089 /* JFComicShowContentCollectionView.m */,
				B21C7FD01D79A3F3008A7089 /* JFComicShowImageCollectionView.h */,
				B21C7FD11D79A3F3008A7089 /* JFComicShowImageCollectionView.m */,
				B21C7FD21D79A3F3008A7089 /* JFComicStoreListBaseCell.h */,
				B21C7FD31D79A3F3008A7089 /* JFComicStoreListBaseCell.m */,
			);
			path = StoreCell;
			sourceTree = "<group>";
		};
		B21C7FC21D79A3F3008A7089 /* ContentCell */ = {
			isa = PBXGroup;
			children = (
				B21C7FC31D79A3F3008A7089 /* JFComicBlockingContentCellCollectionViewCell.h */,
				B21C7FC41D79A3F3008A7089 /* JFComicBlockingContentCellCollectionViewCell.m */,
				B21C7FC51D79A3F3008A7089 /* JFComicBlockingContentCellCollectionViewCell.xib */,
				B21C7FC61D79A3F3008A7089 /* JFComicShowContentContentCell.h */,
				B21C7FC71D79A3F3008A7089 /* JFComicShowContentContentCell.m */,
				B21C7FC81D79A3F3008A7089 /* JFComicShowContentContentCell.xib */,
				B21C7FC91D79A3F3008A7089 /* JFComicShowImageContentCell.h */,
				B21C7FCA1D79A3F3008A7089 /* JFComicShowImageContentCell.m */,
				B21C7FCB1D79A3F3008A7089 /* JFComicShowImageContentCell.xib */,
			);
			path = ContentCell;
			sourceTree = "<group>";
		};
		B21C7FD41D79A3F3008A7089 /* StoreTool */ = {
			isa = PBXGroup;
			children = (
				B21C7FD51D79A3F3008A7089 /* ComicStoreTool.h */,
				B21C7FD61D79A3F3008A7089 /* ComicStoreTool.m */,
				B21C7FD71D79A3F3008A7089 /* JFComicStoreModelTool.h */,
				B21C7FD81D79A3F3008A7089 /* JFComicStoreModelTool.m */,
			);
			path = StoreTool;
			sourceTree = "<group>";
		};
		B21C7FD91D79A3F3008A7089 /* Main */ = {
			isa = PBXGroup;
			children = (
				B21C7FDA1D79A3F3008A7089 /* Controller */,
				B21C7FDD1D79A3F3008A7089 /* Model */,
				B21C7FDE1D79A3F3008A7089 /* View */,
			);
			path = Main;
			sourceTree = "<group>";
		};
		B21C7FDA1D79A3F3008A7089 /* Controller */ = {
			isa = PBXGroup;
			children = (
				B21C7FDB1D79A3F3008A7089 /* ViewController.h */,
				B21C7FDC1D79A3F3008A7089 /* ViewController.m */,
			);
			path = Controller;
			sourceTree = "<group>";
		};
		B21C7FDD1D79A3F3008A7089 /* Model */ = {
			isa = PBXGroup;
			children = (
			);
			path = Model;
			sourceTree = "<group>";
		};
		B21C7FDE1D79A3F3008A7089 /* View */ = {
			isa = PBXGroup;
			children = (
			);
			path = View;
			sourceTree = "<group>";
		};
		B21C7FDF1D79A3F3008A7089 /* Search */ = {
			isa = PBXGroup;
			children = (
				B21C7FE01D79A3F3008A7089 /* ComicSearchViewController.h */,
				B21C7FE11D79A3F3008A7089 /* ComicSearchViewController.m */,
				B21C7FE21D79A3F3008A7089 /* SearchNamePlist.plist */,
			);
			path = Search;
			sourceTree = "<group>";
		};
		B21C7FE31D79A3F3008A7089 /* Vender */ = {
			isa = PBXGroup;
			children = (
				B21C7FE41D79A3F3008A7089 /* JFRefresh */,
				B21C7FED1D79A3F3008A7089 /* MONActivityIndicatorView */,
				B21C7FF01D79A3F3008A7089 /* ProgressHUD */,
				B21C7FFA1D79A3F3008A7089 /* UzysAnimtedLoad */,
			);
			path = Vender;
			sourceTree = "<group>";
		};
		B21C7FE41D79A3F3008A7089 /* JFRefresh */ = {
			isa = PBXGroup;
			children = (
				B21C7FE51D79A3F3008A7089 /* JFRefreshControl.h */,
				B21C7FE61D79A3F3008A7089 /* JFRefreshControl.m */,
				B21C7FE71D79A3F3008A7089 /* JFRefreshOpration.h */,
				B21C7FE81D79A3F3008A7089 /* JFRefreshOpration.m */,
				B21C7FE91D79A3F3008A7089 /* UIScrollView+JFRefresh.h */,
				B21C7FEA1D79A3F3008A7089 /* UIScrollView+JFRefresh.m */,
				B21C7FEB1D79A3F3008A7089 /* UIView+JFFrame.h */,
				B21C7FEC1D79A3F3008A7089 /* UIView+JFFrame.m */,
			);
			path = JFRefresh;
			sourceTree = "<group>";
		};
		B21C7FED1D79A3F3008A7089 /* MONActivityIndicatorView */ = {
			isa = PBXGroup;
			children = (
				B21C7FEE1D79A3F3008A7089 /* MONActivityIndicatorView.h */,
				B21C7FEF1D79A3F3008A7089 /* MONActivityIndicatorView.m */,
			);
			path = MONActivityIndicatorView;
			sourceTree = "<group>";
		};
		B21C7FF01D79A3F3008A7089 /* ProgressHUD */ = {
			isa = PBXGroup;
			children = (
				B21C7FF11D79A3F3008A7089 /* Categories */,
				B21C7FF61D79A3F3008A7089 /* Classes */,
			);
			path = ProgressHUD;
			sourceTree = "<group>";
		};
		B21C7FF11D79A3F3008A7089 /* Categories */ = {
			isa = PBXGroup;
			children = (
				B21C7FF21D79A3F3008A7089 /* UIImage+KVNEmpty.h */,
				B21C7FF31D79A3F3008A7089 /* UIImage+KVNEmpty.m */,
				B21C7FF41D79A3F3008A7089 /* UIImage+KVNImageEffects.h */,
				B21C7FF51D79A3F3008A7089 /* UIImage+KVNImageEffects.m */,
			);
			path = Categories;
			sourceTree = "<group>";
		};
		B21C7FF61D79A3F3008A7089 /* Classes */ = {
			isa = PBXGroup;
			children = (
				B21C7FF71D79A3F3008A7089 /* KVNProgress.h */,
				B21C7FF81D79A3F3008A7089 /* KVNProgress.m */,
				B21C7FF91D79A3F3008A7089 /* KVNProgressView.xib */,
			);
			path = Classes;
			sourceTree = "<group>";
		};
		B21C7FFA1D79A3F3008A7089 /* UzysAnimtedLoad */ = {
			isa = PBXGroup;
			children = (
				B21C7FFB1D79A3F3008A7089 /* UIScrollView+UzysAnimatedGifLoadMore.h */,
				B21C7FFC1D79A3F3008A7089 /* UIScrollView+UzysAnimatedGifLoadMore.m */,
				B21C7FFD1D79A3F3008A7089 /* UzysAnimatedGifLoadMoreConfiguration.h */,
				B21C7FFE1D79A3F3008A7089 /* UzysAnimtedGifLoadMoreView.h */,
				B21C7FFF1D79A3F3008A7089 /* UzysAnimtedGifLoadMoreView.m */,
			);
			path = UzysAnimtedLoad;
			sourceTree = "<group>";
		};
		C337411806AF5096F8294FC6 /* Pods */ = {
			isa = PBXGroup;
			children = (
				A6E5EE6F8801D00DE5242084 /* Pods.debug.xcconfig */,
				AE059A3FA974BEBD08D9AD25 /* Pods.release.xcconfig */,
				EC63833D5981548536E932B2 /* Pods-ComicReader.debug.xcconfig */,
				54B6C0A09A772A0137764819 /* Pods-ComicReader.release.xcconfig */,
				8E3EAE18DA993A976125B377 /* Pods-ComicReaderTests.debug.xcconfig */,
				F728396E3C7F84828798032F /* Pods-ComicReaderTests.release.xcconfig */,
			);
			name = Pods;
			sourceTree = "<group>";
		};
/* End PBXGroup section */

/* Begin PBXNativeTarget section */
		04ACB6161A2D50DD00A9FAA6 /* ComicReader */ = {
			isa = PBXNativeTarget;
			buildConfigurationList = 04ACB63D1A2D50DD00A9FAA6 /* Build configuration list for PBXNativeTarget "ComicReader" */;
			buildPhases = (
				2E0D5A2112DBF297AE2158EB /* [CP] Check Pods Manifest.lock */,
				04ACB6131A2D50DD00A9FAA6 /* Sources */,
				04ACB6141A2D50DD00A9FAA6 /* Frameworks */,
				04ACB6151A2D50DD00A9FAA6 /* Resources */,
				C3C0C75E012929517EEB96B7 /* [CP] Embed Pods Frameworks */,
				6DD04EE7FCEE21A5BF80CFD6 /* [CP] Copy Pods Resources */,
			);
			buildRules = (
			);
			dependencies = (
			);
			name = ComicReader;
			productName = ComicReader;
			productReference = 04ACB6171A2D50DD00A9FAA6 /* ComicReader.app */;
			productType = "com.apple.product-type.application";
		};
		04ACB6321A2D50DD00A9FAA6 /* ComicReaderTests */ = {
			isa = PBXNativeTarget;
			buildConfigurationList = 04ACB6401A2D50DD00A9FAA6 /* Build configuration list for PBXNativeTarget "ComicReaderTests" */;
			buildPhases = (
				AF57CFA8BEC31D27311AB2D4 /* [CP] Check Pods Manifest.lock */,
				04ACB62F1A2D50DD00A9FAA6 /* Sources */,
				04ACB6301A2D50DD00A9FAA6 /* Frameworks */,
				04ACB6311A2D50DD00A9FAA6 /* Resources */,
				F7ECAA51F05BD5050B476E65 /* [CP] Embed Pods Frameworks */,
				995FE100A31290B85B09CC04 /* [CP] Copy Pods Resources */,
			);
			buildRules = (
			);
			dependencies = (
				04ACB6351A2D50DD00A9FAA6 /* PBXTargetDependency */,
			);
			name = ComicReaderTests;
			productName = ComicReaderTests;
			productReference = 04ACB6331A2D50DD00A9FAA6 /* ComicReaderTests.xctest */;
			productType = "com.apple.product-type.bundle.unit-test";
		};
/* End PBXNativeTarget section */

/* Begin PBXProject section */
		04ACB60F1A2D50DD00A9FAA6 /* Project object */ = {
			isa = PBXProject;
			attributes = {
				CLASSPREFIX = JF;
				LastUpgradeCheck = 0610;
				ORGANIZATIONNAME = Mac;
				TargetAttributes = {
					04ACB6161A2D50DD00A9FAA6 = {
						CreatedOnToolsVersion = 6.1;
					};
					04ACB6321A2D50DD00A9FAA6 = {
						CreatedOnToolsVersion = 6.1;
						TestTargetID = 04ACB6161A2D50DD00A9FAA6;
					};
				};
			};
			buildConfigurationList = 04ACB6121A2D50DD00A9FAA6 /* Build configuration list for PBXProject "ComicReader" */;
			compatibilityVersion = "Xcode 3.2";
			developmentRegion = English;
			hasScannedForEncodings = 0;
			knownRegions = (
				en,
				Base,
			);
			mainGroup = 04ACB60E1A2D50DD00A9FAA6;
			productRefGroup = 04ACB6181A2D50DD00A9FAA6 /* Products */;
			projectDirPath = "";
			projectRoot = "";
			targets = (
				04ACB6161A2D50DD00A9FAA6 /* ComicReader */,
				04ACB6321A2D50DD00A9FAA6 /* ComicReaderTests */,
			);
		};
/* End PBXProject section */

/* Begin PBXResourcesBuildPhase section */
		04ACB6151A2D50DD00A9FAA6 /* Resources */ = {
			isa = PBXResourcesBuildPhase;
			buildActionMask = 2147483647;
			files = (
				B21C802F1D79A3F3008A7089 /* JFComicHeaderReusableView.xib in Resources */,
				B21C7F3F1D79A07B008A7089 /* GoogleService-Info.plist in Resources */,
				B21C803B1D79A3F3008A7089 /* JFComicShowImageContentCell.xib in Resources */,
				B21C80341D79A3F3008A7089 /* JFShowContentCollectionViewCell.xib in Resources */,
				B21C80391D79A3F3008A7089 /* JFComicShowContentContentCell.xib in Resources */,
				043FE1561A369C52005F3EBA /* Info.plist in Resources */,
				B21C80151D79A3F3008A7089 /* ContentImageView.xib in Resources */,
				04ACB6461A2D586200A9FAA6 /* Images.xcassets in Resources */,
				B21C80441D79A3F3008A7089 /* SearchNamePlist.plist in Resources */,
				044030E71B08B6C500788DE7 /* bounce_sammy@2x.gif in Resources */,
				B21C80371D79A3F3008A7089 /* JFComicBlockingContentCellCollectionViewCell.xib in Resources */,
				B21C80311D79A3F3008A7089 /* JFComicSelectedReusableView.xib in Resources */,
				B21C80201D79A3F3008A7089 /* JFComicMoreViewController.xib in Resources */,
				B21C80171D79A3F3008A7089 /* MyComicTableViewCell.xib in Resources */,
				044030E91B08B6C500788DE7 /* fruit_animation@2x.gif in Resources */,
				B21C804D1D79A3F3008A7089 /* KVNProgressView.xib in Resources */,
				044030EB1B08B6C500788DE7 /* nevertoolate@2x.gif in Resources */,
				B21C80191D79A3F3008A7089 /* ComicBookListCollectionViewCell.xib in Resources */,
				044030EA1B08B6C500788DE7 /* inbox@2x.gif in Resources */,
				044030EC1B08B6C500788DE7 /* slackLoader@2x.gif in Resources */,
				B21C801D1D79A3F3008A7089 /* JFComicSectionsListViewController.xib in Resources */,
				04ACB6291A2D50DD00A9FAA6 /* Main.storyboard in Resources */,
				B21C80061D79A3F3008A7089 /* loading_content1.gif in Resources */,
				B21C801B1D79A3F3008A7089 /* JFComicBookReaderController.xib in Resources */,
				044030E81B08B6C500788DE7 /* farmtruck@2x.gif in Resources */,
				04ACB62E1A2D50DD00A9FAA6 /* LaunchScreen.xib in Resources */,
			);
			runOnlyForDeploymentPostprocessing = 0;
		};
		04ACB6311A2D50DD00A9FAA6 /* Resources */ = {
			isa = PBXResourcesBuildPhase;
			buildActionMask = 2147483647;
			files = (
			);
			runOnlyForDeploymentPostprocessing = 0;
		};
/* End PBXResourcesBuildPhase section */

/* Begin PBXShellScriptBuildPhase section */
		2E0D5A2112DBF297AE2158EB /* [CP] Check Pods Manifest.lock */ = {
			isa = PBXShellScriptBuildPhase;
			buildActionMask = 2147483647;
			files = (
			);
			inputPaths = (
			);
			name = "[CP] Check Pods Manifest.lock";
			outputPaths = (
			);
			runOnlyForDeploymentPostprocessing = 0;
			shellPath = /bin/sh;
			shellScript = "diff \"${PODS_ROOT}/../Podfile.lock\" \"${PODS_ROOT}/Manifest.lock\" > /dev/null\nif [[ $? != 0 ]] ; then\n    cat << EOM\nerror: The sandbox is not in sync with the Podfile.lock. Run 'pod install' or update your CocoaPods installation.\nEOM\n    exit 1\nfi\n";
			showEnvVarsInLog = 0;
		};
		6DD04EE7FCEE21A5BF80CFD6 /* [CP] Copy Pods Resources */ = {
			isa = PBXShellScriptBuildPhase;
			buildActionMask = 2147483647;
			files = (
			);
			inputPaths = (
			);
			name = "[CP] Copy Pods Resources";
			outputPaths = (
			);
			runOnlyForDeploymentPostprocessing = 0;
			shellPath = /bin/sh;
			shellScript = "\"${SRCROOT}/Pods/Target Support Files/Pods-ComicReader/Pods-ComicReader-resources.sh\"\n";
			showEnvVarsInLog = 0;
		};
		995FE100A31290B85B09CC04 /* [CP] Copy Pods Resources */ = {
			isa = PBXShellScriptBuildPhase;
			buildActionMask = 2147483647;
			files = (
			);
			inputPaths = (
			);
			name = "[CP] Copy Pods Resources";
			outputPaths = (
			);
			runOnlyForDeploymentPostprocessing = 0;
			shellPath = /bin/sh;
			shellScript = "\"${SRCROOT}/Pods/Target Support Files/Pods-ComicReaderTests/Pods-ComicReaderTests-resources.sh\"\n";
			showEnvVarsInLog = 0;
		};
		AF57CFA8BEC31D27311AB2D4 /* [CP] Check Pods Manifest.lock */ = {
			isa = PBXShellScriptBuildPhase;
			buildActionMask = 2147483647;
			files = (
			);
			inputPaths = (
			);
			name = "[CP] Check Pods Manifest.lock";
			outputPaths = (
			);
			runOnlyForDeploymentPostprocessing = 0;
			shellPath = /bin/sh;
			shellScript = "diff \"${PODS_ROOT}/../Podfile.lock\" \"${PODS_ROOT}/Manifest.lock\" > /dev/null\nif [[ $? != 0 ]] ; then\n    cat << EOM\nerror: The sandbox is not in sync with the Podfile.lock. Run 'pod install' or update your CocoaPods installation.\nEOM\n    exit 1\nfi\n";
			showEnvVarsInLog = 0;
		};
		C3C0C75E012929517EEB96B7 /* [CP] Embed Pods Frameworks */ = {
			isa = PBXShellScriptBuildPhase;
			buildActionMask = 2147483647;
			files = (
			);
			inputPaths = (
			);
			name = "[CP] Embed Pods Frameworks";
			outputPaths = (
			);
			runOnlyForDeploymentPostprocessing = 0;
			shellPath = /bin/sh;
			shellScript = "\"${SRCROOT}/Pods/Target Support Files/Pods-ComicReader/Pods-ComicReader-frameworks.sh\"\n";
			showEnvVarsInLog = 0;
		};
		F7ECAA51F05BD5050B476E65 /* [CP] Embed Pods Frameworks */ = {
			isa = PBXShellScriptBuildPhase;
			buildActionMask = 2147483647;
			files = (
			);
			inputPaths = (
			);
			name = "[CP] Embed Pods Frameworks";
			outputPaths = (
			);
			runOnlyForDeploymentPostprocessing = 0;
			shellPath = /bin/sh;
			shellScript = "\"${SRCROOT}/Pods/Target Support Files/Pods-ComicReaderTests/Pods-ComicReaderTests-frameworks.sh\"\n";
			showEnvVarsInLog = 0;
		};
/* End PBXShellScriptBuildPhase section */

/* Begin PBXSourcesBuildPhase section */
		04ACB6131A2D50DD00A9FAA6 /* Sources */ = {
			isa = PBXSourcesBuildPhase;
			buildActionMask = 2147483647;
			files = (
				B21C80051D79A3F3008A7089 /* UIView+Genie.m in Sources */,
				B21C80031D79A3F3008A7089 /* NSObject+KVCKeyword.m in Sources */,
				B21C80241D79A3F3008A7089 /* ListContentModel.m in Sources */,
				B21C80351D79A3F3008A7089 /* SShowPageShapeView.m in Sources */,
				B21C80291D79A3F3008A7089 /* ComicStoreHeaderView.m in Sources */,
				B21C80231D79A3F3008A7089 /* HeaderModel.m in Sources */,
				B21C80091D79A3F3008A7089 /* DocumentTool.m in Sources */,
				B21C800E1D79A3F3008A7089 /* RequestTool.m in Sources */,
				B21C804C1D79A3F3008A7089 /* KVNProgress.m in Sources */,
				B21C80331D79A3F3008A7089 /* JFShowContentCollectionViewCell.m in Sources */,
				B21C803C1D79A3F3008A7089 /* JFComicBlockingCollectionView.m in Sources */,
				B21C80321D79A3F3008A7089 /* JFComicShowBookLayout.m in Sources */,
				B21C803D1D79A3F3008A7089 /* JFComicShowContentCollectionView.m in Sources */,
				B21C803F1D79A3F3008A7089 /* JFComicStoreListBaseCell.m in Sources */,
				B21C801F1D79A3F3008A7089 /* JFComicMoreViewController.m in Sources */,
				B21C80381D79A3F3008A7089 /* JFComicShowContentContentCell.m in Sources */,
				B21C80141D79A3F3008A7089 /* ContentImageView.m in Sources */,
				B21C80101D79A3F3008A7089 /* MyComicController.m in Sources */,
				B21C802D1D79A3F3008A7089 /* JFComicBackButton.m in Sources */,
				B21C80001D79A3F3008A7089 /* AppDelegate.m in Sources */,
				043FE1571A369C63005F3EBA /* Info.plist in Sources */,
				B21C80431D79A3F3008A7089 /* ComicSearchViewController.m in Sources */,
				B21C80491D79A3F3008A7089 /* MONActivityIndicatorView.m in Sources */,
				B21C801E1D79A3F3008A7089 /* ComicStoreViewController.m in Sources */,
				B21C804F1D79A3F3008A7089 /* UzysAnimtedGifLoadMoreView.m in Sources */,
				B21C804A1D79A3F3008A7089 /* UIImage+KVNEmpty.m in Sources */,
				B21C80021D79A3F3008A7089 /* NSMutableAttributedString+TitleTreatment.m in Sources */,
				B21C80221D79A3F3008A7089 /* ComicStoreBookContentListModel.m in Sources */,
				B21C801C1D79A3F3008A7089 /* JFComicSectionsListViewController.m in Sources */,
				B21C800C1D79A3F3008A7089 /* NewRequestTool.m in Sources */,
				B21C800B1D79A3F3008A7089 /* JFJumpToControllerManager.m in Sources */,
				B21C802B1D79A3F3008A7089 /* ResizeLabel.m in Sources */,
				B21C80421D79A3F3008A7089 /* ViewController.m in Sources */,
				B21C80181D79A3F3008A7089 /* ComicBookListCollectionViewCell.m in Sources */,
				B21C80071D79A3F3008A7089 /* TWSpringyFlowLayout.m in Sources */,
				B21C80471D79A3F3008A7089 /* UIScrollView+JFRefresh.m in Sources */,
				B21C804B1D79A3F3008A7089 /* UIImage+KVNImageEffects.m in Sources */,
				B21C801A1D79A3F3008A7089 /* JFComicBookReaderController.m in Sources */,
				043FE1541A369C2A005F3EBA /* main.m in Sources */,
				B21C80251D79A3F3008A7089 /* NewStoreTitleModel.m in Sources */,
				B21C80281D79A3F3008A7089 /* ComicStoreContentListCollectionView.m in Sources */,
				B21C80401D79A3F3008A7089 /* ComicStoreTool.m in Sources */,
				B21C803A1D79A3F3008A7089 /* JFComicShowImageContentCell.m in Sources */,
				B21C80161D79A3F3008A7089 /* MyComicTableViewCell.m in Sources */,
				B21C802C1D79A3F3008A7089 /* JFComicListTitleView.m in Sources */,
				B21C80361D79A3F3008A7089 /* JFComicBlockingContentCellCollectionViewCell.m in Sources */,
				B21C800D1D79A3F3008A7089 /* Reachability.m in Sources */,
				B21C803E1D79A3F3008A7089 /* JFComicShowImageCollectionView.m in Sources */,
				B21C80121D79A3F3008A7089 /* MyComicModel.m in Sources */,
				B21C80411D79A3F3008A7089 /* JFComicStoreModelTool.m in Sources */,
				B21C80211D79A3F3008A7089 /* ComicShowBookModel.m in Sources */,
				B21C80081D79A3F3008A7089 /* ComicBookInfoContextModel.m in Sources */,
				B21C80131D79A3F3008A7089 /* MyComicTool.m in Sources */,
				B21C802A1D79A3F3008A7089 /* ContentListView.m in Sources */,
				B21C80301D79A3F3008A7089 /* JFComicSelectedReusableView.m in Sources */,
				B21C80461D79A3F3008A7089 /* JFRefreshOpration.m in Sources */,
				B21C80451D79A3F3008A7089 /* JFRefreshControl.m in Sources */,
				B21C800A1D79A3F3008A7089 /* GetRequestUrlTool.m in Sources */,
				B21C802E1D79A3F3008A7089 /* JFComicHeaderReusableView.m in Sources */,
				B21C804E1D79A3F3008A7089 /* UIScrollView+UzysAnimatedGifLoadMore.m in Sources */,
				B21C80481D79A3F3008A7089 /* UIView+JFFrame.m in Sources */,
				B21C800F1D79A3F3008A7089 /* ShowWaitView.m in Sources */,
				B21C80041D79A3F3008A7089 /* UIImage+CutIntoPieces.m in Sources */,
				B21C80261D79A3F3008A7089 /* JFComicReaderBookContentModel.m in Sources */,
				B21C80111D79A3F3008A7089 /* MyComicContentModel.m in Sources */,
				B21C80271D79A3F3008A7089 /* JFComicReaderBookModel.m in Sources */,
				04ACB6231A2D50DD00A9FAA6 /* ComicReader.xcdatamodeld in Sources */,
				B21C80011D79A3F3008A7089 /* NavigationStyle.m in Sources */,
			);
			runOnlyForDeploymentPostprocessing = 0;
		};
		04ACB62F1A2D50DD00A9FAA6 /* Sources */ = {
			isa = PBXSourcesBuildPhase;
			buildActionMask = 2147483647;
			files = (
				04ACB63A1A2D50DD00A9FAA6 /* ComicReaderTests.m in Sources */,
			);
			runOnlyForDeploymentPostprocessing = 0;
		};
/* End PBXSourcesBuildPhase section */

/* Begin PBXTargetDependency section */
		04ACB6351A2D50DD00A9FAA6 /* PBXTargetDependency */ = {
			isa = PBXTargetDependency;
			target = 04ACB6161A2D50DD00A9FAA6 /* ComicReader */;
			targetProxy = 04ACB6341A2D50DD00A9FAA6 /* PBXContainerItemProxy */;
		};
/* End PBXTargetDependency section */

/* Begin PBXVariantGroup section */
		04ACB6271A2D50DD00A9FAA6 /* Main.storyboard */ = {
			isa = PBXVariantGroup;
			children = (
				04ACB6281A2D50DD00A9FAA6 /* Base */,
			);
			name = Main.storyboard;
			sourceTree = "<group>";
		};
		04ACB62C1A2D50DD00A9FAA6 /* LaunchScreen.xib */ = {
			isa = PBXVariantGroup;
			children = (
				04ACB62D1A2D50DD00A9FAA6 /* Base */,
			);
			name = LaunchScreen.xib;
			sourceTree = "<group>";
		};
/* End PBXVariantGroup section */

/* Begin XCBuildConfiguration section */
		04ACB63B1A2D50DD00A9FAA6 /* Debug */ = {
			isa = XCBuildConfiguration;
			buildSettings = {
				ALWAYS_SEARCH_USER_PATHS = NO;
				CLANG_CXX_LANGUAGE_STANDARD = "gnu++0x";
				CLANG_CXX_LIBRARY = "libc++";
				CLANG_ENABLE_MODULES = YES;
				CLANG_ENABLE_OBJC_ARC = YES;
				CLANG_WARN_BOOL_CONVERSION = YES;
				CLANG_WARN_CONSTANT_CONVERSION = YES;
				CLANG_WARN_DIRECT_OBJC_ISA_USAGE = YES_ERROR;
				CLANG_WARN_EMPTY_BODY = YES;
				CLANG_WARN_ENUM_CONVERSION = YES;
				CLANG_WARN_INT_CONVERSION = YES;
				CLANG_WARN_OBJC_ROOT_CLASS = YES_ERROR;
				CLANG_WARN_UNREACHABLE_CODE = YES;
				CLANG_WARN__DUPLICATE_METHOD_MATCH = YES;
				CODE_SIGN_IDENTITY = "iPhone Developer";
				"CODE_SIGN_IDENTITY[sdk=iphoneos*]" = "iPhone Developer";
				COPY_PHASE_STRIP = NO;
				ENABLE_STRICT_OBJC_MSGSEND = YES;
				GCC_C_LANGUAGE_STANDARD = gnu99;
				GCC_DYNAMIC_NO_PIC = NO;
				GCC_OPTIMIZATION_LEVEL = 0;
				GCC_PREPROCESSOR_DEFINITIONS = (
					"DEBUG=1",
					"$(inherited)",
				);
				GCC_SYMBOLS_PRIVATE_EXTERN = NO;
				GCC_WARN_64_TO_32_BIT_CONVERSION = YES;
				GCC_WARN_ABOUT_RETURN_TYPE = YES_ERROR;
				GCC_WARN_UNDECLARED_SELECTOR = YES;
				GCC_WARN_UNINITIALIZED_AUTOS = YES_AGGRESSIVE;
				GCC_WARN_UNUSED_FUNCTION = YES;
				GCC_WARN_UNUSED_VARIABLE = YES;
				IPHONEOS_DEPLOYMENT_TARGET = 7.0;
				MTL_ENABLE_DEBUG_INFO = YES;
				ONLY_ACTIVE_ARCH = YES;
				SDKROOT = iphoneos;
			};
			name = Debug;
		};
		04ACB63C1A2D50DD00A9FAA6 /* Release */ = {
			isa = XCBuildConfiguration;
			buildSettings = {
				ALWAYS_SEARCH_USER_PATHS = NO;
				CLANG_CXX_LANGUAGE_STANDARD = "gnu++0x";
				CLANG_CXX_LIBRARY = "libc++";
				CLANG_ENABLE_MODULES = YES;
				CLANG_ENABLE_OBJC_ARC = YES;
				CLANG_WARN_BOOL_CONVERSION = YES;
				CLANG_WARN_CONSTANT_CONVERSION = YES;
				CLANG_WARN_DIRECT_OBJC_ISA_USAGE = YES_ERROR;
				CLANG_WARN_EMPTY_BODY = YES;
				CLANG_WARN_ENUM_CONVERSION = YES;
				CLANG_WARN_INT_CONVERSION = YES;
				CLANG_WARN_OBJC_ROOT_CLASS = YES_ERROR;
				CLANG_WARN_UNREACHABLE_CODE = YES;
				CLANG_WARN__DUPLICATE_METHOD_MATCH = YES;
				CODE_SIGN_IDENTITY = "iPhone Developer";
				"CODE_SIGN_IDENTITY[sdk=iphoneos*]" = "iPhone Developer";
				COPY_PHASE_STRIP = YES;
				ENABLE_NS_ASSERTIONS = NO;
				ENABLE_STRICT_OBJC_MSGSEND = YES;
				GCC_C_LANGUAGE_STANDARD = gnu99;
				GCC_WARN_64_TO_32_BIT_CONVERSION = YES;
				GCC_WARN_ABOUT_RETURN_TYPE = YES_ERROR;
				GCC_WARN_UNDECLARED_SELECTOR = YES;
				GCC_WARN_UNINITIALIZED_AUTOS = YES_AGGRESSIVE;
				GCC_WARN_UNUSED_FUNCTION = YES;
				GCC_WARN_UNUSED_VARIABLE = YES;
				IPHONEOS_DEPLOYMENT_TARGET = 7.0;
				MTL_ENABLE_DEBUG_INFO = NO;
				SDKROOT = iphoneos;
				VALIDATE_PRODUCT = YES;
			};
			name = Release;
		};
		04ACB63E1A2D50DD00A9FAA6 /* Debug */ = {
			isa = XCBuildConfiguration;
			baseConfigurationReference = EC63833D5981548536E932B2 /* Pods-ComicReader.debug.xcconfig */;
			buildSettings = {
				ASSETCATALOG_COMPILER_APPICON_NAME = AppIcon;
				CODE_SIGN_IDENTITY = "iPhone Developer";
				"CODE_SIGN_IDENTITY[sdk=iphoneos*]" = "iPhone Developer";
				ENABLE_BITCODE = NO;
				GCC_PREFIX_HEADER = "$(SRCROOT)/ComicReader/ComicReader-Prefix Header.h";
				INFOPLIST_FILE = ComicReader/Info.plist;
				IPHONEOS_DEPLOYMENT_TARGET = 8.0;
				LD_RUNPATH_SEARCH_PATHS = "$(inherited) @executable_path/Frameworks";
				LIBRARY_SEARCH_PATHS = (
					"$(inherited)",
					"$(PROJECT_DIR)/build/Debug-iphoneos",
				);
				PRODUCT_BUNDLE_IDENTIFIER = cn.6ag.IComic;
				PRODUCT_NAME = "$(TARGET_NAME)";
				PROVISIONING_PROFILE = "";
				TARGETED_DEVICE_FAMILY = "1,2";
			};
			name = Debug;
		};
		04ACB63F1A2D50DD00A9FAA6 /* Release */ = {
			isa = XCBuildConfiguration;
			baseConfigurationReference = 54B6C0A09A772A0137764819 /* Pods-ComicReader.release.xcconfig */;
			buildSettings = {
				ASSETCATALOG_COMPILER_APPICON_NAME = AppIcon;
				CODE_SIGN_IDENTITY = "iPhone Developer";
				"CODE_SIGN_IDENTITY[sdk=iphoneos*]" = "iPhone Developer";
				ENABLE_BITCODE = NO;
				GCC_PREFIX_HEADER = "$(SRCROOT)/ComicReader/ComicReader-Prefix Header.h";
				INFOPLIST_FILE = ComicReader/Info.plist;
				IPHONEOS_DEPLOYMENT_TARGET = 8.0;
				LD_RUNPATH_SEARCH_PATHS = "$(inherited) @executable_path/Frameworks";
				LIBRARY_SEARCH_PATHS = (
					"$(inherited)",
					"$(PROJECT_DIR)/build/Debug-iphoneos",
				);
				PRODUCT_BUNDLE_IDENTIFIER = cn.6ag.IComic;
				PRODUCT_NAME = "$(TARGET_NAME)";
				PROVISIONING_PROFILE = "";
				TARGETED_DEVICE_FAMILY = "1,2";
			};
			name = Release;
		};
		04ACB6411A2D50DD00A9FAA6 /* Debug */ = {
			isa = XCBuildConfiguration;
			baseConfigurationReference = 8E3EAE18DA993A976125B377 /* Pods-ComicReaderTests.debug.xcconfig */;
			buildSettings = {
				BUNDLE_LOADER = "$(TEST_HOST)";
				FRAMEWORK_SEARCH_PATHS = (
					"$(SDKROOT)/Developer/Library/Frameworks",
					"$(inherited)",
				);
				GCC_PREPROCESSOR_DEFINITIONS = (
					"DEBUG=1",
					"$(inherited)",
				);
				INFOPLIST_FILE = ComicReaderTests/Info.plist;
				LD_RUNPATH_SEARCH_PATHS = "$(inherited) @executable_path/Frameworks @loader_path/Frameworks";
				PRODUCT_NAME = "$(TARGET_NAME)";
				TEST_HOST = "$(BUILT_PRODUCTS_DIR)/ComicReader.app/ComicReader";
			};
			name = Debug;
		};
		04ACB6421A2D50DD00A9FAA6 /* Release */ = {
			isa = XCBuildConfiguration;
			baseConfigurationReference = F728396E3C7F84828798032F /* Pods-ComicReaderTests.release.xcconfig */;
			buildSettings = {
				BUNDLE_LOADER = "$(TEST_HOST)";
				FRAMEWORK_SEARCH_PATHS = (
					"$(SDKROOT)/Developer/Library/Frameworks",
					"$(inherited)",
				);
				INFOPLIST_FILE = ComicReaderTests/Info.plist;
				LD_RUNPATH_SEARCH_PATHS = "$(inherited) @executable_path/Frameworks @loader_path/Frameworks";
				PRODUCT_NAME = "$(TARGET_NAME)";
				TEST_HOST = "$(BUILT_PRODUCTS_DIR)/ComicReader.app/ComicReader";
			};
			name = Release;
		};
/* End XCBuildConfiguration section */

/* Begin XCConfigurationList section */
		04ACB6121A2D50DD00A9FAA6 /* Build configuration list for PBXProject "ComicReader" */ = {
			isa = XCConfigurationList;
			buildConfigurations = (
				04ACB63B1A2D50DD00A9FAA6 /* Debug */,
				04ACB63C1A2D50DD00A9FAA6 /* Release */,
			);
			defaultConfigurationIsVisible = 0;
			defaultConfigurationName = Release;
		};
		04ACB63D1A2D50DD00A9FAA6 /* Build configuration list for PBXNativeTarget "ComicReader" */ = {
			isa = XCConfigurationList;
			buildConfigurations = (
				04ACB63E1A2D50DD00A9FAA6 /* Debug */,
				04ACB63F1A2D50DD00A9FAA6 /* Release */,
			);
			defaultConfigurationIsVisible = 0;
			defaultConfigurationName = Release;
		};
		04ACB6401A2D50DD00A9FAA6 /* Build configuration list for PBXNativeTarget "ComicReaderTests" */ = {
			isa = XCConfigurationList;
			buildConfigurations = (
				04ACB6411A2D50DD00A9FAA6 /* Debug */,
				04ACB6421A2D50DD00A9FAA6 /* Release */,
			);
			defaultConfigurationIsVisible = 0;
			defaultConfigurationName = Release;
		};
/* End XCConfigurationList section */

/* Begin XCVersionGroup section */
		04ACB6211A2D50DD00A9FAA6 /* ComicReader.xcdatamodeld */ = {
			isa = XCVersionGroup;
			children = (
				04ACB6221A2D50DD00A9FAA6 /* ComicReader.xcdatamodel */,
			);
			currentVersion = 04ACB6221A2D50DD00A9FAA6 /* ComicReader.xcdatamodel */;
			path = ComicReader.xcdatamodeld;
			sourceTree = "<group>";
			versionGroupType = wrapper.xcdatamodel;
		};
/* End XCVersionGroup section */
	};
	rootObject = 04ACB60F1A2D50DD00A9FAA6 /* Project object */;
}
